// !$*UTF8*$!
{
	archiveVersion = 1;
	classes = {
	};
	objectVersion = 46;
	objects = {

/* Begin PBXBuildFile section */
		13428EBE1B7CB0BC0017D23A /* Square.swift in Sources */ = {isa = PBXBuildFile; fileRef = 13428EBD1B7CB0BC0017D23A /* Square.swift */; };
		13428EC01B7CB4A90017D23A /* Player.swift in Sources */ = {isa = PBXBuildFile; fileRef = 13428EBF1B7CB4A90017D23A /* Player.swift */; };
		1359DC9A1B727726006C12FA /* TowerUp.xcdatamodeld in Sources */ = {isa = PBXBuildFile; fileRef = 1359DC981B727726006C12FA /* TowerUp.xcdatamodeld */; };
		1359DD011B72805F006C12FA /* GameScene.swift in Sources */ = {isa = PBXBuildFile; fileRef = 1359DD001B72805F006C12FA /* GameScene.swift */; };
		1359DD041B728168006C12FA /* Config.swift in Sources */ = {isa = PBXBuildFile; fileRef = 1359DD031B728168006C12FA /* Config.swift */; };
		1359DD061B728574006C12FA /* GameMath.swift in Sources */ = {isa = PBXBuildFile; fileRef = 1359DD051B728574006C12FA /* GameMath.swift */; };
		1359DD081B728611006C12FA /* GameColors.swift in Sources */ = {isa = PBXBuildFile; fileRef = 1359DD071B728611006C12FA /* GameColors.swift */; };
		1359DD0C1B7286D3006C12FA /* MainMenuScene.swift in Sources */ = {isa = PBXBuildFile; fileRef = 1359DD0B1B7286D3006C12FA /* MainMenuScene.swift */; };
		1359DD0E1B72874C006C12FA /* Control.swift in Sources */ = {isa = PBXBuildFile; fileRef = 1359DD0D1B72874C006C12FA /* Control.swift */; };
		1359DD101B7287A7006C12FA /* Button.swift in Sources */ = {isa = PBXBuildFile; fileRef = 1359DD0F1B7287A7006C12FA /* Button.swift */; };
		1359DD161B728C95006C12FA /* Switch.swift in Sources */ = {isa = PBXBuildFile; fileRef = 1359DD151B728C95006C12FA /* Switch.swift */; };
		1359DD181B728D3E006C12FA /* Label.swift in Sources */ = {isa = PBXBuildFile; fileRef = 1359DD171B728D3E006C12FA /* Label.swift */; };
		1383FD5E1B7A49730012DA45 /* MapManager.swift in Sources */ = {isa = PBXBuildFile; fileRef = 1383FD5D1B7A49730012DA45 /* MapManager.swift */; };
		1383FD601B7A4A920012DA45 /* Chunk.swift in Sources */ = {isa = PBXBuildFile; fileRef = 1383FD5F1B7A4A920012DA45 /* Chunk.swift */; };
		1383FD621B7A4B420012DA45 /* Tile.swift in Sources */ = {isa = PBXBuildFile; fileRef = 1383FD611B7A4B420012DA45 /* Tile.swift */; };
		1383FD641B7A50990012DA45 /* Ground.swift in Sources */ = {isa = PBXBuildFile; fileRef = 1383FD631B7A50990012DA45 /* Ground.swift */; };
		139A0E881B73D00200EDE944 /* BeforeMissionScene.swift in Sources */ = {isa = PBXBuildFile; fileRef = 139A0E871B73D00200EDE944 /* BeforeMissionScene.swift */; };
		139A0E8A1B73D05900EDE944 /* MissionScene.swift in Sources */ = {isa = PBXBuildFile; fileRef = 139A0E891B73D05900EDE944 /* MissionScene.swift */; };
		139A0E8C1B73D08300EDE944 /* AfterMissionScene.swift in Sources */ = {isa = PBXBuildFile; fileRef = 139A0E8B1B73D08300EDE944 /* AfterMissionScene.swift */; };
		139A0E8F1B7431CB00EDE944 /* MemoryCard.swift in Sources */ = {isa = PBXBuildFile; fileRef = 139A0E8E1B7431CB00EDE944 /* MemoryCard.swift */; };
		139A0E9B1B74D3B700EDE944 /* Tower.swift in Sources */ = {isa = PBXBuildFile; fileRef = 139A0E9A1B74D3B700EDE944 /* Tower.swift */; };
		139A0E9D1B74D3B800EDE944 /* Floor.swift in Sources */ = {isa = PBXBuildFile; fileRef = 139A0E9C1B74D3B800EDE944 /* Floor.swift */; };
		139A0E9F1B74D3B800EDE944 /* PowerUp.swift in Sources */ = {isa = PBXBuildFile; fileRef = 139A0E9E1B74D3B800EDE944 /* PowerUp.swift */; };
		139A0EA11B74D3B800EDE944 /* PlayerData.swift in Sources */ = {isa = PBXBuildFile; fileRef = 139A0EA01B74D3B800EDE944 /* PlayerData.swift */; };
		13B32C041B74E599001A1486 /* Skin.swift in Sources */ = {isa = PBXBuildFile; fileRef = 13B32C031B74E599001A1486 /* Skin.swift */; };
		13B32C061B74EE93001A1486 /* LobbyScene.swift in Sources */ = {isa = PBXBuildFile; fileRef = 13B32C051B74EE93001A1486 /* LobbyScene.swift */; };
		13B32C081B74F823001A1486 /* MultiplayerMissionScene.swift in Sources */ = {isa = PBXBuildFile; fileRef = 13B32C071B74F823001A1486 /* MultiplayerMissionScene.swift */; };
		13CCB6FC1B72AD310060334C /* LaunchScreen.xib in Resources */ = {isa = PBXBuildFile; fileRef = 13CCB6FB1B72AD310060334C /* LaunchScreen.xib */; };
		13CCB6FE1B72B9010060334C /* TowersScene.swift in Sources */ = {isa = PBXBuildFile; fileRef = 13CCB6FD1B72B9010060334C /* TowersScene.swift */; };
		13CCB7001B72B9A70060334C /* OptionsScene.swift in Sources */ = {isa = PBXBuildFile; fileRef = 13CCB6FF1B72B9A70060334C /* OptionsScene.swift */; };
		13CCB7021B72B9D90060334C /* CreditsScene.swift in Sources */ = {isa = PBXBuildFile; fileRef = 13CCB7011B72B9D90060334C /* CreditsScene.swift */; };
		13CCB7041B7373D00060334C /* FloorsScene.swift in Sources */ = {isa = PBXBuildFile; fileRef = 13CCB7031B7373D00060334C /* FloorsScene.swift */; };
		13EBD7BE1B7A65E5005F1CA4 /* World.swift in Sources */ = {isa = PBXBuildFile; fileRef = 13EBD7BD1B7A65E5005F1CA4 /* World.swift */; };
		13EBD7C01B7A6614005F1CA4 /* Camera.swift in Sources */ = {isa = PBXBuildFile; fileRef = 13EBD7BF1B7A6614005F1CA4 /* Camera.swift */; };
		81BA814B1A49DA1800E65899 /* AppDelegate.swift in Sources */ = {isa = PBXBuildFile; fileRef = 81BA814A1A49DA1800E65899 /* AppDelegate.swift */; };
		81BA814D1A49DA1800E65899 /* ViewController.swift in Sources */ = {isa = PBXBuildFile; fileRef = 81BA814C1A49DA1800E65899 /* ViewController.swift */; };
		81BA81501A49DA1800E65899 /* Main.storyboard in Resources */ = {isa = PBXBuildFile; fileRef = 81BA814E1A49DA1800E65899 /* Main.storyboard */; };
		81BA81521A49DA1800E65899 /* Images.xcassets in Resources */ = {isa = PBXBuildFile; fileRef = 81BA81511A49DA1800E65899 /* Images.xcassets */; };
		81BA81701A49DB6800E65899 /* Bolts.framework in Frameworks */ = {isa = PBXBuildFile; fileRef = 81BA816B1A49DB6800E65899 /* Bolts.framework */; };
		81BA81711A49DB6800E65899 /* Parse.framework in Frameworks */ = {isa = PBXBuildFile; fileRef = 81BA816C1A49DB6800E65899 /* Parse.framework */; };
		81BA81721A49DB6800E65899 /* ParseCrashReporting.framework in Frameworks */ = {isa = PBXBuildFile; fileRef = 81BA816D1A49DB6800E65899 /* ParseCrashReporting.framework */; };
		81BA81731A49DB6800E65899 /* ParseFacebookUtils.framework in Frameworks */ = {isa = PBXBuildFile; fileRef = 81BA816E1A49DB6800E65899 /* ParseFacebookUtils.framework */; };
		81BA81771A49E0D500E65899 /* libsqlite3.dylib in Frameworks */ = {isa = PBXBuildFile; fileRef = 81BA81761A49E0D500E65899 /* libsqlite3.dylib */; };
		81BA81791A49E0DB00E65899 /* AudioToolbox.framework in Frameworks */ = {isa = PBXBuildFile; fileRef = 81BA81781A49E0DB00E65899 /* AudioToolbox.framework */; };
		81BA817B1A49E0E500E65899 /* SystemConfiguration.framework in Frameworks */ = {isa = PBXBuildFile; fileRef = 81BA817A1A49E0E500E65899 /* SystemConfiguration.framework */; };
		81BA817F1A49E0F000E65899 /* libstdc++.6.dylib in Frameworks */ = {isa = PBXBuildFile; fileRef = 81BA817E1A49E0F000E65899 /* libstdc++.6.dylib */; };
		81BA81811A49E10C00E65899 /* ParseUI.framework in Frameworks */ = {isa = PBXBuildFile; fileRef = 81BA81801A49E10C00E65899 /* ParseUI.framework */; };
/* End PBXBuildFile section */

/* Begin PBXFileReference section */
		13428EBD1B7CB0BC0017D23A /* Square.swift */ = {isa = PBXFileReference; fileEncoding = 4; lastKnownFileType = sourcecode.swift; name = Square.swift; path = src/Square.swift; sourceTree = "<group>"; };
		13428EBF1B7CB4A90017D23A /* Player.swift */ = {isa = PBXFileReference; fileEncoding = 4; lastKnownFileType = sourcecode.swift; name = Player.swift; path = src/Player.swift; sourceTree = "<group>"; };
		1359DC991B727726006C12FA /* TowerUp.xcdatamodel */ = {isa = PBXFileReference; lastKnownFileType = wrapper.xcdatamodel; path = TowerUp.xcdatamodel; sourceTree = "<group>"; };
		1359DD001B72805F006C12FA /* GameScene.swift */ = {isa = PBXFileReference; fileEncoding = 4; lastKnownFileType = sourcecode.swift; name = GameScene.swift; path = src/GameScene.swift; sourceTree = "<group>"; };
		1359DD031B728168006C12FA /* Config.swift */ = {isa = PBXFileReference; fileEncoding = 4; lastKnownFileType = sourcecode.swift; name = Config.swift; path = src/Config.swift; sourceTree = "<group>"; };
		1359DD051B728574006C12FA /* GameMath.swift */ = {isa = PBXFileReference; fileEncoding = 4; lastKnownFileType = sourcecode.swift; name = GameMath.swift; path = src/GameMath.swift; sourceTree = "<group>"; };
		1359DD071B728611006C12FA /* GameColors.swift */ = {isa = PBXFileReference; fileEncoding = 4; lastKnownFileType = sourcecode.swift; name = GameColors.swift; path = src/GameColors.swift; sourceTree = "<group>"; };
		1359DD0B1B7286D3006C12FA /* MainMenuScene.swift */ = {isa = PBXFileReference; fileEncoding = 4; lastKnownFileType = sourcecode.swift; name = MainMenuScene.swift; path = Scenes/MainMenuScene.swift; sourceTree = "<group>"; };
		1359DD0D1B72874C006C12FA /* Control.swift */ = {isa = PBXFileReference; fileEncoding = 4; lastKnownFileType = sourcecode.swift; name = Control.swift; path = src/Control.swift; sourceTree = "<group>"; };
		1359DD0F1B7287A7006C12FA /* Button.swift */ = {isa = PBXFileReference; fileEncoding = 4; lastKnownFileType = sourcecode.swift; name = Button.swift; path = src/Button.swift; sourceTree = "<group>"; };
		1359DD151B728C95006C12FA /* Switch.swift */ = {isa = PBXFileReference; fileEncoding = 4; lastKnownFileType = sourcecode.swift; name = Switch.swift; path = src/Switch.swift; sourceTree = "<group>"; };
		1359DD171B728D3E006C12FA /* Label.swift */ = {isa = PBXFileReference; fileEncoding = 4; lastKnownFileType = sourcecode.swift; name = Label.swift; path = src/Label.swift; sourceTree = "<group>"; };
		1383FD5D1B7A49730012DA45 /* MapManager.swift */ = {isa = PBXFileReference; fileEncoding = 4; lastKnownFileType = sourcecode.swift; name = MapManager.swift; path = src/MapManager.swift; sourceTree = "<group>"; };
		1383FD5F1B7A4A920012DA45 /* Chunk.swift */ = {isa = PBXFileReference; fileEncoding = 4; lastKnownFileType = sourcecode.swift; name = Chunk.swift; path = src/Chunk.swift; sourceTree = "<group>"; };
		1383FD611B7A4B420012DA45 /* Tile.swift */ = {isa = PBXFileReference; fileEncoding = 4; lastKnownFileType = sourcecode.swift; name = Tile.swift; path = src/Tile.swift; sourceTree = "<group>"; };
		1383FD631B7A50990012DA45 /* Ground.swift */ = {isa = PBXFileReference; fileEncoding = 4; lastKnownFileType = sourcecode.swift; path = Ground.swift; sourceTree = "<group>"; };
		139A0E871B73D00200EDE944 /* BeforeMissionScene.swift */ = {isa = PBXFileReference; fileEncoding = 4; lastKnownFileType = sourcecode.swift; name = BeforeMissionScene.swift; path = Scenes/BeforeMissionScene.swift; sourceTree = "<group>"; };
		139A0E891B73D05900EDE944 /* MissionScene.swift */ = {isa = PBXFileReference; fileEncoding = 4; lastKnownFileType = sourcecode.swift; name = MissionScene.swift; path = Scenes/MissionScene.swift; sourceTree = "<group>"; };
		139A0E8B1B73D08300EDE944 /* AfterMissionScene.swift */ = {isa = PBXFileReference; fileEncoding = 4; lastKnownFileType = sourcecode.swift; name = AfterMissionScene.swift; path = Scenes/AfterMissionScene.swift; sourceTree = "<group>"; };
		139A0E8E1B7431CB00EDE944 /* MemoryCard.swift */ = {isa = PBXFileReference; fileEncoding = 4; lastKnownFileType = sourcecode.swift; name = MemoryCard.swift; path = CoreData/MemoryCard.swift; sourceTree = "<group>"; };
		139A0E9A1B74D3B700EDE944 /* Tower.swift */ = {isa = PBXFileReference; fileEncoding = 4; lastKnownFileType = sourcecode.swift; name = Tower.swift; path = CoreData/Tower.swift; sourceTree = "<group>"; };
		139A0E9C1B74D3B800EDE944 /* Floor.swift */ = {isa = PBXFileReference; fileEncoding = 4; lastKnownFileType = sourcecode.swift; name = Floor.swift; path = CoreData/Floor.swift; sourceTree = "<group>"; };
		139A0E9E1B74D3B800EDE944 /* PowerUp.swift */ = {isa = PBXFileReference; fileEncoding = 4; lastKnownFileType = sourcecode.swift; name = PowerUp.swift; path = CoreData/PowerUp.swift; sourceTree = "<group>"; };
		139A0EA01B74D3B800EDE944 /* PlayerData.swift */ = {isa = PBXFileReference; fileEncoding = 4; lastKnownFileType = sourcecode.swift; name = PlayerData.swift; path = CoreData/PlayerData.swift; sourceTree = "<group>"; };
		13B32C031B74E599001A1486 /* Skin.swift */ = {isa = PBXFileReference; fileEncoding = 4; lastKnownFileType = sourcecode.swift; name = Skin.swift; path = CoreData/Skin.swift; sourceTree = "<group>"; };
		13B32C051B74EE93001A1486 /* LobbyScene.swift */ = {isa = PBXFileReference; fileEncoding = 4; lastKnownFileType = sourcecode.swift; name = LobbyScene.swift; path = Scenes/LobbyScene.swift; sourceTree = "<group>"; };
		13B32C071B74F823001A1486 /* MultiplayerMissionScene.swift */ = {isa = PBXFileReference; fileEncoding = 4; lastKnownFileType = sourcecode.swift; name = MultiplayerMissionScene.swift; path = Scenes/MultiplayerMissionScene.swift; sourceTree = "<group>"; };
		13CCB6FB1B72AD310060334C /* LaunchScreen.xib */ = {isa = PBXFileReference; fileEncoding = 4; lastKnownFileType = file.xib; path = LaunchScreen.xib; sourceTree = "<group>"; };
		13CCB6FD1B72B9010060334C /* TowersScene.swift */ = {isa = PBXFileReference; fileEncoding = 4; lastKnownFileType = sourcecode.swift; name = TowersScene.swift; path = Scenes/TowersScene.swift; sourceTree = "<group>"; };
		13CCB6FF1B72B9A70060334C /* OptionsScene.swift */ = {isa = PBXFileReference; fileEncoding = 4; lastKnownFileType = sourcecode.swift; name = OptionsScene.swift; path = Scenes/OptionsScene.swift; sourceTree = "<group>"; };
		13CCB7011B72B9D90060334C /* CreditsScene.swift */ = {isa = PBXFileReference; fileEncoding = 4; lastKnownFileType = sourcecode.swift; name = CreditsScene.swift; path = Scenes/CreditsScene.swift; sourceTree = "<group>"; };
		13CCB7031B7373D00060334C /* FloorsScene.swift */ = {isa = PBXFileReference; fileEncoding = 4; lastKnownFileType = sourcecode.swift; name = FloorsScene.swift; path = Scenes/FloorsScene.swift; sourceTree = "<group>"; };
		13EBD7BD1B7A65E5005F1CA4 /* World.swift */ = {isa = PBXFileReference; fileEncoding = 4; lastKnownFileType = sourcecode.swift; name = World.swift; path = src/World.swift; sourceTree = "<group>"; };
		13EBD7BF1B7A6614005F1CA4 /* Camera.swift */ = {isa = PBXFileReference; fileEncoding = 4; lastKnownFileType = sourcecode.swift; name = Camera.swift; path = src/Camera.swift; sourceTree = "<group>"; };
		81BA81451A49DA1800E65899 /* TowerUp.app */ = {isa = PBXFileReference; explicitFileType = wrapper.application; includeInIndex = 0; path = TowerUp.app; sourceTree = BUILT_PRODUCTS_DIR; };
		81BA81491A49DA1800E65899 /* Info.plist */ = {isa = PBXFileReference; lastKnownFileType = text.plist.xml; path = Info.plist; sourceTree = "<group>"; };
		81BA814A1A49DA1800E65899 /* AppDelegate.swift */ = {isa = PBXFileReference; lastKnownFileType = sourcecode.swift; path = AppDelegate.swift; sourceTree = "<group>"; };
		81BA814C1A49DA1800E65899 /* ViewController.swift */ = {isa = PBXFileReference; lastKnownFileType = sourcecode.swift; path = ViewController.swift; sourceTree = "<group>"; };
		81BA814F1A49DA1800E65899 /* Base */ = {isa = PBXFileReference; lastKnownFileType = file.storyboard; name = Base; path = Base.lproj/Main.storyboard; sourceTree = "<group>"; };
		81BA81511A49DA1800E65899 /* Images.xcassets */ = {isa = PBXFileReference; lastKnownFileType = folder.assetcatalog; path = Images.xcassets; sourceTree = "<group>"; };
		81BA816B1A49DB6800E65899 /* Bolts.framework */ = {isa = PBXFileReference; lastKnownFileType = wrapper.framework; path = Bolts.framework; sourceTree = "<group>"; };
		81BA816C1A49DB6800E65899 /* Parse.framework */ = {isa = PBXFileReference; lastKnownFileType = wrapper.framework; path = Parse.framework; sourceTree = "<group>"; };
		81BA816D1A49DB6800E65899 /* ParseCrashReporting.framework */ = {isa = PBXFileReference; lastKnownFileType = wrapper.framework; path = ParseCrashReporting.framework; sourceTree = "<group>"; };
		81BA816E1A49DB6800E65899 /* ParseFacebookUtils.framework */ = {isa = PBXFileReference; lastKnownFileType = wrapper.framework; path = ParseFacebookUtils.framework; sourceTree = "<group>"; };
		81BA81761A49E0D500E65899 /* libsqlite3.dylib */ = {isa = PBXFileReference; lastKnownFileType = "compiled.mach-o.dylib"; name = libsqlite3.dylib; path = usr/lib/libsqlite3.dylib; sourceTree = SDKROOT; };
		81BA81781A49E0DB00E65899 /* AudioToolbox.framework */ = {isa = PBXFileReference; lastKnownFileType = wrapper.framework; name = AudioToolbox.framework; path = System/Library/Frameworks/AudioToolbox.framework; sourceTree = SDKROOT; };
		81BA817A1A49E0E500E65899 /* SystemConfiguration.framework */ = {isa = PBXFileReference; lastKnownFileType = wrapper.framework; name = SystemConfiguration.framework; path = System/Library/Frameworks/SystemConfiguration.framework; sourceTree = SDKROOT; };
		81BA817E1A49E0F000E65899 /* libstdc++.6.dylib */ = {isa = PBXFileReference; lastKnownFileType = "compiled.mach-o.dylib"; name = "libstdc++.6.dylib"; path = "usr/lib/libstdc++.6.dylib"; sourceTree = SDKROOT; };
		81BA81801A49E10C00E65899 /* ParseUI.framework */ = {isa = PBXFileReference; lastKnownFileType = wrapper.framework; path = ParseUI.framework; sourceTree = "<group>"; };
		81BA81821A49E27F00E65899 /* TowerUp-Bridging-Header.h */ = {isa = PBXFileReference; fileEncoding = 4; lastKnownFileType = sourcecode.c.h; path = "TowerUp-Bridging-Header.h"; sourceTree = "<group>"; };
/* End PBXFileReference section */

/* Begin PBXFrameworksBuildPhase section */
		81BA81421A49DA1800E65899 /* Frameworks */ = {
			isa = PBXFrameworksBuildPhase;
			buildActionMask = 2147483647;
			files = (
				81BA817F1A49E0F000E65899 /* libstdc++.6.dylib in Frameworks */,
				81BA817B1A49E0E500E65899 /* SystemConfiguration.framework in Frameworks */,
				81BA81791A49E0DB00E65899 /* AudioToolbox.framework in Frameworks */,
				81BA81771A49E0D500E65899 /* libsqlite3.dylib in Frameworks */,
				81BA81711A49DB6800E65899 /* Parse.framework in Frameworks */,
				81BA81721A49DB6800E65899 /* ParseCrashReporting.framework in Frameworks */,
				81BA81731A49DB6800E65899 /* ParseFacebookUtils.framework in Frameworks */,
				81BA81811A49E10C00E65899 /* ParseUI.framework in Frameworks */,
				81BA81701A49DB6800E65899 /* Bolts.framework in Frameworks */,
			);
			runOnlyForDeploymentPostprocessing = 0;
		};
/* End PBXFrameworksBuildPhase section */

/* Begin PBXGroup section */
		1359DCFD1B727FFE006C12FA /* src */ = {
			isa = PBXGroup;
			children = (
				81BA814A1A49DA1800E65899 /* AppDelegate.swift */,
				1359DD0F1B7287A7006C12FA /* Button.swift */,
				13EBD7BF1B7A6614005F1CA4 /* Camera.swift */,
				1383FD5F1B7A4A920012DA45 /* Chunk.swift */,
				1359DD031B728168006C12FA /* Config.swift */,
				1359DD0D1B72874C006C12FA /* Control.swift */,
				1359DD071B728611006C12FA /* GameColors.swift */,
				1359DD051B728574006C12FA /* GameMath.swift */,
				1359DD001B72805F006C12FA /* GameScene.swift */,
				1383FD631B7A50990012DA45 /* Ground.swift */,
				1359DD171B728D3E006C12FA /* Label.swift */,
				1383FD5D1B7A49730012DA45 /* MapManager.swift */,
				13428EBF1B7CB4A90017D23A /* Player.swift */,
				13428EBD1B7CB0BC0017D23A /* Square.swift */,
				1359DD151B728C95006C12FA /* Switch.swift */,
				1383FD611B7A4B420012DA45 /* Tile.swift */,
				81BA814C1A49DA1800E65899 /* ViewController.swift */,
				13EBD7BD1B7A65E5005F1CA4 /* World.swift */,
			);
			name = src;
			sourceTree = "<group>";
		};
		1359DD021B728114006C12FA /* Scenes */ = {
			isa = PBXGroup;
			children = (
				1359DD0B1B7286D3006C12FA /* MainMenuScene.swift */,
				13B32C051B74EE93001A1486 /* LobbyScene.swift */,
				13CCB6FD1B72B9010060334C /* TowersScene.swift */,
				13CCB6FF1B72B9A70060334C /* OptionsScene.swift */,
				13CCB7011B72B9D90060334C /* CreditsScene.swift */,
				13CCB7031B7373D00060334C /* FloorsScene.swift */,
				139A0E871B73D00200EDE944 /* BeforeMissionScene.swift */,
				139A0E891B73D05900EDE944 /* MissionScene.swift */,
				139A0E8B1B73D08300EDE944 /* AfterMissionScene.swift */,
				13B32C071B74F823001A1486 /* MultiplayerMissionScene.swift */,
			);
			name = Scenes;
			sourceTree = "<group>";
		};
		139A0E8D1B74319000EDE944 /* CoreData */ = {
			isa = PBXGroup;
			children = (
				139A0E8E1B7431CB00EDE944 /* MemoryCard.swift */,
				1359DC981B727726006C12FA /* TowerUp.xcdatamodeld */,
				139A0EA01B74D3B800EDE944 /* PlayerData.swift */,
				139A0E9E1B74D3B800EDE944 /* PowerUp.swift */,
				139A0E9C1B74D3B800EDE944 /* Floor.swift */,
				139A0E9A1B74D3B700EDE944 /* Tower.swift */,
				13B32C031B74E599001A1486 /* Skin.swift */,
			);
			name = CoreData;
			sourceTree = "<group>";
		};
		81BA813C1A49DA1800E65899 = {
			isa = PBXGroup;
			children = (
				81BA816A1A49DB5600E65899 /* Frameworks */,
				81BA81461A49DA1800E65899 /* Products */,
				81BA81471A49DA1800E65899 /* TowerUp */,
			);
			sourceTree = "<group>";
		};
		81BA81461A49DA1800E65899 /* Products */ = {
			isa = PBXGroup;
			children = (
				81BA81451A49DA1800E65899 /* TowerUp.app */,
			);
			name = Products;
			sourceTree = "<group>";
		};
		81BA81471A49DA1800E65899 /* TowerUp */ = {
			isa = PBXGroup;
			children = (
				139A0E8D1B74319000EDE944 /* CoreData */,
				1359DD021B728114006C12FA /* Scenes */,
				1359DCFD1B727FFE006C12FA /* src */,
				81BA814E1A49DA1800E65899 /* Main.storyboard */,
				81BA81511A49DA1800E65899 /* Images.xcassets */,
				13CCB6FB1B72AD310060334C /* LaunchScreen.xib */,
				81BA81481A49DA1800E65899 /* Supporting Files */,
			);
			path = TowerUp;
			sourceTree = "<group>";
		};
		81BA81481A49DA1800E65899 /* Supporting Files */ = {
			isa = PBXGroup;
			children = (
				81BA81491A49DA1800E65899 /* Info.plist */,
				81BA81821A49E27F00E65899 /* TowerUp-Bridging-Header.h */,
			);
			name = "Supporting Files";
			sourceTree = "<group>";
		};
		81BA816A1A49DB5600E65899 /* Frameworks */ = {
			isa = PBXGroup;
			children = (
				81BA816B1A49DB6800E65899 /* Bolts.framework */,
				81BA816C1A49DB6800E65899 /* Parse.framework */,
				81BA816D1A49DB6800E65899 /* ParseCrashReporting.framework */,
				81BA816E1A49DB6800E65899 /* ParseFacebookUtils.framework */,
				81BA81801A49E10C00E65899 /* ParseUI.framework */,
				81BA81751A49E0C500E65899 /* System Frameworks */,
			);
			name = Frameworks;
			sourceTree = "<group>";
		};
		81BA81751A49E0C500E65899 /* System Frameworks */ = {
			isa = PBXGroup;
			children = (
				81BA817E1A49E0F000E65899 /* libstdc++.6.dylib */,
				81BA817A1A49E0E500E65899 /* SystemConfiguration.framework */,
				81BA81781A49E0DB00E65899 /* AudioToolbox.framework */,
				81BA81761A49E0D500E65899 /* libsqlite3.dylib */,
			);
			name = "System Frameworks";
			sourceTree = "<group>";
		};
/* End PBXGroup section */

/* Begin PBXNativeTarget section */
		81BA81441A49DA1800E65899 /* TowerUp */ = {
			isa = PBXNativeTarget;
			buildConfigurationList = 81BA81641A49DA1800E65899 /* Build configuration list for PBXNativeTarget "TowerUp" */;
			buildPhases = (
				81BA81411A49DA1800E65899 /* Sources */,
				81BA81421A49DA1800E65899 /* Frameworks */,
				81BA81431A49DA1800E65899 /* Resources */,
				81CC85E11A49F6D40076DE19 /* Upload Symbol Files */,
			);
			buildRules = (
			);
			dependencies = (
			);
			name = TowerUp;
			productName = TowerUp;
			productReference = 81BA81451A49DA1800E65899 /* TowerUp.app */;
			productType = "com.apple.product-type.application";
		};
/* End PBXNativeTarget section */

/* Begin PBXProject section */
		81BA813D1A49DA1800E65899 /* Project object */ = {
			isa = PBXProject;
			attributes = {
				LastUpgradeCheck = 0610;
				ORGANIZATIONNAME = WTFGames;
				TargetAttributes = {
					81BA81441A49DA1800E65899 = {
						CreatedOnToolsVersion = 6.1.1;
					};
				};
			};
			buildConfigurationList = 81BA81401A49DA1800E65899 /* Build configuration list for PBXProject "TowerUp" */;
			compatibilityVersion = "Xcode 3.2";
			developmentRegion = English;
			hasScannedForEncodings = 0;
			knownRegions = (
				en,
				Base,
			);
			mainGroup = 81BA813C1A49DA1800E65899;
			productRefGroup = 81BA81461A49DA1800E65899 /* Products */;
			projectDirPath = "";
			projectRoot = "";
			targets = (
				81BA81441A49DA1800E65899 /* TowerUp */,
			);
		};
/* End PBXProject section */

/* Begin PBXResourcesBuildPhase section */
		81BA81431A49DA1800E65899 /* Resources */ = {
			isa = PBXResourcesBuildPhase;
			buildActionMask = 2147483647;
			files = (
				81BA81501A49DA1800E65899 /* Main.storyboard in Resources */,
				13CCB6FC1B72AD310060334C /* LaunchScreen.xib in Resources */,
				81BA81521A49DA1800E65899 /* Images.xcassets in Resources */,
			);
			runOnlyForDeploymentPostprocessing = 0;
		};
/* End PBXResourcesBuildPhase section */

/* Begin PBXShellScriptBuildPhase section */
		81CC85E11A49F6D40076DE19 /* Upload Symbol Files */ = {
			isa = PBXShellScriptBuildPhase;
			buildActionMask = 2147483647;
			files = (
			);
			inputPaths = (
			);
			name = "Upload Symbol Files";
			outputPaths = (
			);
			runOnlyForDeploymentPostprocessing = 0;
			shellPath = /bin/sh;
			shellScript = "# This script will upload symbol files for your application,\n# so all your crash reports are going to be symbolicated\n\n# Important!\n# Before using the script, please initialize CloudCode folder and replace <path_to_cloudcode_folder> with the path to it\n#\n# Read more on Parse.com - https://parse.com/apps/quickstart#analytics/crashreporting/ios/\n############################################################\n\n\n# export PATH=/usr/local/bin:$PATH\n# cd <path_to_cloudcode_folder>\n\n# parse symbols -p \"${DWARF_DSYM_FOLDER_PATH}/${DWARF_DSYM_FILE_NAME}\"\n";
		};
/* End PBXShellScriptBuildPhase section */

/* Begin PBXSourcesBuildPhase section */
		81BA81411A49DA1800E65899 /* Sources */ = {
			isa = PBXSourcesBuildPhase;
			buildActionMask = 2147483647;
			files = (
				81BA814D1A49DA1800E65899 /* ViewController.swift in Sources */,
				13CCB7001B72B9A70060334C /* OptionsScene.swift in Sources */,
				13EBD7C01B7A6614005F1CA4 /* Camera.swift in Sources */,
				81BA814B1A49DA1800E65899 /* AppDelegate.swift in Sources */,
				139A0E9B1B74D3B700EDE944 /* Tower.swift in Sources */,
				139A0E8A1B73D05900EDE944 /* MissionScene.swift in Sources */,
				1359DD081B728611006C12FA /* GameColors.swift in Sources */,
				139A0E9D1B74D3B800EDE944 /* Floor.swift in Sources */,
				1359DD161B728C95006C12FA /* Switch.swift in Sources */,
				1359DD041B728168006C12FA /* Config.swift in Sources */,
				13B32C041B74E599001A1486 /* Skin.swift in Sources */,
				1359DD061B728574006C12FA /* GameMath.swift in Sources */,
				13B32C081B74F823001A1486 /* MultiplayerMissionScene.swift in Sources */,
				13B32C061B74EE93001A1486 /* LobbyScene.swift in Sources */,
				139A0E881B73D00200EDE944 /* BeforeMissionScene.swift in Sources */,
				1359DD101B7287A7006C12FA /* Button.swift in Sources */,
				1383FD621B7A4B420012DA45 /* Tile.swift in Sources */,
				1359DD0E1B72874C006C12FA /* Control.swift in Sources */,
				13428EC01B7CB4A90017D23A /* Player.swift in Sources */,
				1359DD011B72805F006C12FA /* GameScene.swift in Sources */,
				13EBD7BE1B7A65E5005F1CA4 /* World.swift in Sources */,
				1383FD601B7A4A920012DA45 /* Chunk.swift in Sources */,
				1359DD0C1B7286D3006C12FA /* MainMenuScene.swift in Sources */,
				13428EBE1B7CB0BC0017D23A /* Square.swift in Sources */,
				139A0E8C1B73D08300EDE944 /* AfterMissionScene.swift in Sources */,
				139A0E8F1B7431CB00EDE944 /* MemoryCard.swift in Sources */,
				1383FD641B7A50990012DA45 /* Ground.swift in Sources */,
				13CCB7021B72B9D90060334C /* CreditsScene.swift in Sources */,
				139A0EA11B74D3B800EDE944 /* PlayerData.swift in Sources */,
				139A0E9F1B74D3B800EDE944 /* PowerUp.swift in Sources */,
				13CCB6FE1B72B9010060334C /* TowersScene.swift in Sources */,
				1383FD5E1B7A49730012DA45 /* MapManager.swift in Sources */,
				1359DD181B728D3E006C12FA /* Label.swift in Sources */,
				1359DC9A1B727726006C12FA /* TowerUp.xcdatamodeld in Sources */,
				13CCB7041B7373D00060334C /* FloorsScene.swift in Sources */,
			);
			runOnlyForDeploymentPostprocessing = 0;
		};
/* End PBXSourcesBuildPhase section */

/* Begin PBXVariantGroup section */
		81BA814E1A49DA1800E65899 /* Main.storyboard */ = {
			isa = PBXVariantGroup;
			children = (
				81BA814F1A49DA1800E65899 /* Base */,
			);
			name = Main.storyboard;
			sourceTree = "<group>";
		};
/* End PBXVariantGroup section */

/* Begin XCBuildConfiguration section */
		81BA81621A49DA1800E65899 /* Debug */ = {
			isa = XCBuildConfiguration;
			buildSettings = {
				ALWAYS_SEARCH_USER_PATHS = NO;
				CLANG_CXX_LANGUAGE_STANDARD = "gnu++0x";
				CLANG_CXX_LIBRARY = "libc++";
				CLANG_ENABLE_MODULES = YES;
				CLANG_ENABLE_OBJC_ARC = YES;
				CLANG_WARN_BOOL_CONVERSION = YES;
				CLANG_WARN_CONSTANT_CONVERSION = YES;
				CLANG_WARN_DIRECT_OBJC_ISA_USAGE = YES_ERROR;
				CLANG_WARN_EMPTY_BODY = YES;
				CLANG_WARN_ENUM_CONVERSION = YES;
				CLANG_WARN_INT_CONVERSION = YES;
				CLANG_WARN_OBJC_ROOT_CLASS = YES_ERROR;
				CLANG_WARN_UNREACHABLE_CODE = YES;
				CLANG_WARN__DUPLICATE_METHOD_MATCH = YES;
				"CODE_SIGN_IDENTITY[sdk=iphoneos*]" = "iPhone Developer";
				COPY_PHASE_STRIP = NO;
				ENABLE_STRICT_OBJC_MSGSEND = YES;
				GCC_C_LANGUAGE_STANDARD = gnu99;
				GCC_DYNAMIC_NO_PIC = NO;
				GCC_OPTIMIZATION_LEVEL = 0;
				GCC_PREPROCESSOR_DEFINITIONS = (
					"DEBUG=1",
					"$(inherited)",
				);
				GCC_SYMBOLS_PRIVATE_EXTERN = NO;
				GCC_WARN_64_TO_32_BIT_CONVERSION = YES;
				GCC_WARN_ABOUT_RETURN_TYPE = YES_ERROR;
				GCC_WARN_UNDECLARED_SELECTOR = YES;
				GCC_WARN_UNINITIALIZED_AUTOS = YES_AGGRESSIVE;
				GCC_WARN_UNUSED_FUNCTION = YES;
				GCC_WARN_UNUSED_VARIABLE = YES;
				IPHONEOS_DEPLOYMENT_TARGET = 7.0;
				MTL_ENABLE_DEBUG_INFO = YES;
				ONLY_ACTIVE_ARCH = YES;
				SDKROOT = iphoneos;
				SWIFT_OPTIMIZATION_LEVEL = "-Onone";
				TARGETED_DEVICE_FAMILY = "1,2";
			};
			name = Debug;
		};
		81BA81631A49DA1800E65899 /* Release */ = {
			isa = XCBuildConfiguration;
			buildSettings = {
				ALWAYS_SEARCH_USER_PATHS = NO;
				CLANG_CXX_LANGUAGE_STANDARD = "gnu++0x";
				CLANG_CXX_LIBRARY = "libc++";
				CLANG_ENABLE_MODULES = YES;
				CLANG_ENABLE_OBJC_ARC = YES;
				CLANG_WARN_BOOL_CONVERSION = YES;
				CLANG_WARN_CONSTANT_CONVERSION = YES;
				CLANG_WARN_DIRECT_OBJC_ISA_USAGE = YES_ERROR;
				CLANG_WARN_EMPTY_BODY = YES;
				CLANG_WARN_ENUM_CONVERSION = YES;
				CLANG_WARN_INT_CONVERSION = YES;
				CLANG_WARN_OBJC_ROOT_CLASS = YES_ERROR;
				CLANG_WARN_UNREACHABLE_CODE = YES;
				CLANG_WARN__DUPLICATE_METHOD_MATCH = YES;
				"CODE_SIGN_IDENTITY[sdk=iphoneos*]" = "iPhone Developer";
				COPY_PHASE_STRIP = YES;
				ENABLE_NS_ASSERTIONS = NO;
				ENABLE_STRICT_OBJC_MSGSEND = YES;
				GCC_C_LANGUAGE_STANDARD = gnu99;
				GCC_WARN_64_TO_32_BIT_CONVERSION = YES;
				GCC_WARN_ABOUT_RETURN_TYPE = YES_ERROR;
				GCC_WARN_UNDECLARED_SELECTOR = YES;
				GCC_WARN_UNINITIALIZED_AUTOS = YES_AGGRESSIVE;
				GCC_WARN_UNUSED_FUNCTION = YES;
				GCC_WARN_UNUSED_VARIABLE = YES;
				IPHONEOS_DEPLOYMENT_TARGET = 7.0;
				MTL_ENABLE_DEBUG_INFO = NO;
				SDKROOT = iphoneos;
				TARGETED_DEVICE_FAMILY = "1,2";
				VALIDATE_PRODUCT = YES;
			};
			name = Release;
		};
		81BA81651A49DA1800E65899 /* Debug */ = {
			isa = XCBuildConfiguration;
			buildSettings = {
				ASSETCATALOG_COMPILER_APPICON_NAME = AppIcon;
				ASSETCATALOG_COMPILER_LAUNCHIMAGE_NAME = LaunchImage;
				FRAMEWORK_SEARCH_PATHS = (
					"$(inherited)",
					"$(PROJECT_DIR)",
				);
				INFOPLIST_FILE = TowerUp/Info.plist;
				IPHONEOS_DEPLOYMENT_TARGET = 8.0;
				LD_RUNPATH_SEARCH_PATHS = "$(inherited) @executable_path/Frameworks";
				"OTHER_SWIFT_FLAGS[arch=*]" = "-D DEBUG";
				PRODUCT_NAME = "$(TARGET_NAME)";
				SWIFT_OBJC_BRIDGING_HEADER = "TowerUp/TowerUp-Bridging-Header.h";
			};
			name = Debug;
		};
		81BA81661A49DA1800E65899 /* Release */ = {
			isa = XCBuildConfiguration;
			buildSettings = {
				ASSETCATALOG_COMPILER_APPICON_NAME = AppIcon;
				ASSETCATALOG_COMPILER_LAUNCHIMAGE_NAME = LaunchImage;
				FRAMEWORK_SEARCH_PATHS = (
					"$(inherited)",
					"$(PROJECT_DIR)",
				);
				INFOPLIST_FILE = TowerUp/Info.plist;
				IPHONEOS_DEPLOYMENT_TARGET = 8.0;
				LD_RUNPATH_SEARCH_PATHS = "$(inherited) @executable_path/Frameworks";
				"OTHER_SWIFT_FLAGS[arch=*]" = "-D RELEASE";
				PRODUCT_NAME = "$(TARGET_NAME)";
				SWIFT_OBJC_BRIDGING_HEADER = "TowerUp/TowerUp-Bridging-Header.h";
			};
			name = Release;
		};
/* End XCBuildConfiguration section */

/* Begin XCConfigurationList section */
		81BA81401A49DA1800E65899 /* Build configuration list for PBXProject "TowerUp" */ = {
			isa = XCConfigurationList;
			buildConfigurations = (
				81BA81621A49DA1800E65899 /* Debug */,
				81BA81631A49DA1800E65899 /* Release */,
			);
			defaultConfigurationIsVisible = 0;
			defaultConfigurationName = Release;
		};
		81BA81641A49DA1800E65899 /* Build configuration list for PBXNativeTarget "TowerUp" */ = {
			isa = XCConfigurationList;
			buildConfigurations = (
				81BA81651A49DA1800E65899 /* Debug */,
				81BA81661A49DA1800E65899 /* Release */,
			);
			defaultConfigurationIsVisible = 0;
			defaultConfigurationName = Release;
		};
/* End XCConfigurationList section */

/* Begin XCVersionGroup section */
		1359DC981B727726006C12FA /* TowerUp.xcdatamodeld */ = {
			isa = XCVersionGroup;
			children = (
				1359DC991B727726006C12FA /* TowerUp.xcdatamodel */,
			);
			currentVersion = 1359DC991B727726006C12FA /* TowerUp.xcdatamodel */;
			path = TowerUp.xcdatamodeld;
			sourceTree = "<group>";
			versionGroupType = wrapper.xcdatamodel;
		};
/* End XCVersionGroup section */
	};
	rootObject = 81BA813D1A49DA1800E65899 /* Project object */;
}
