// !$*UTF8*$!
{
	archiveVersion = 1;
	classes = {
	};
	objectVersion = 46;
	objects = {

/* Begin PBXBuildFile section */
		13169CE61B810A9100516CF6 /* SocketAckManager.swift in Sources */ = {isa = PBXBuildFile; fileRef = 13169CD91B810A9100516CF6 /* SocketAckManager.swift */; };
		13169CE71B810A9100516CF6 /* SocketAnyEvent.swift in Sources */ = {isa = PBXBuildFile; fileRef = 13169CDA1B810A9100516CF6 /* SocketAnyEvent.swift */; };
		13169CE81B810A9100516CF6 /* SocketEngine.swift in Sources */ = {isa = PBXBuildFile; fileRef = 13169CDB1B810A9100516CF6 /* SocketEngine.swift */; };
		13169CE91B810A9100516CF6 /* SocketEngineClient.swift in Sources */ = {isa = PBXBuildFile; fileRef = 13169CDC1B810A9100516CF6 /* SocketEngineClient.swift */; };
		13169CEA1B810A9100516CF6 /* SocketEventHandler.swift in Sources */ = {isa = PBXBuildFile; fileRef = 13169CDD1B810A9100516CF6 /* SocketEventHandler.swift */; };
		13169CEB1B810A9100516CF6 /* SocketFixUTF8.swift in Sources */ = {isa = PBXBuildFile; fileRef = 13169CDE1B810A9100516CF6 /* SocketFixUTF8.swift */; };
		13169CEC1B810A9100516CF6 /* SocketIOClient.swift in Sources */ = {isa = PBXBuildFile; fileRef = 13169CDF1B810A9100516CF6 /* SocketIOClient.swift */; };
		13169CED1B810A9100516CF6 /* SocketLogger.swift in Sources */ = {isa = PBXBuildFile; fileRef = 13169CE01B810A9100516CF6 /* SocketLogger.swift */; };
		13169CEE1B810A9100516CF6 /* SocketPacket.swift in Sources */ = {isa = PBXBuildFile; fileRef = 13169CE11B810A9100516CF6 /* SocketPacket.swift */; };
		13169CEF1B810A9100516CF6 /* SocketParser.swift in Sources */ = {isa = PBXBuildFile; fileRef = 13169CE21B810A9100516CF6 /* SocketParser.swift */; };
		13169CF01B810A9100516CF6 /* SocketTypes.swift in Sources */ = {isa = PBXBuildFile; fileRef = 13169CE31B810A9100516CF6 /* SocketTypes.swift */; };
		13169CF11B810A9100516CF6 /* SwiftRegex.swift in Sources */ = {isa = PBXBuildFile; fileRef = 13169CE41B810A9100516CF6 /* SwiftRegex.swift */; };
		13169CF21B810A9100516CF6 /* WebSocket.swift in Sources */ = {isa = PBXBuildFile; fileRef = 13169CE51B810A9100516CF6 /* WebSocket.swift */; };
		1323B1521B83554A00174777 /* WinTile.swift in Sources */ = {isa = PBXBuildFile; fileRef = 1323B1511B83554A00174777 /* WinTile.swift */; };
		1323FF5D1B90817F00EF4C2E /* MultiplayerWinBox.swift in Sources */ = {isa = PBXBuildFile; fileRef = 1323FF5C1B90817F00EF4C2E /* MultiplayerWinBox.swift */; };
		1323FF5F1B90C7AF00EF4C2E /* PowerUp.swift in Sources */ = {isa = PBXBuildFile; fileRef = 1323FF5E1B90C7AF00EF4C2E /* PowerUp.swift */; };
		1323FF611B90C83300EF4C2E /* Skin.swift in Sources */ = {isa = PBXBuildFile; fileRef = 1323FF601B90C83300EF4C2E /* Skin.swift */; };
		1326AE881B85FCA300D4563B /* Box.swift in Sources */ = {isa = PBXBuildFile; fileRef = 1326AE871B85FCA300D4563B /* Box.swift */; };
		1326AE8A1B85FD8800D4563B /* Event.swift in Sources */ = {isa = PBXBuildFile; fileRef = 1326AE891B85FD8800D4563B /* Event.swift */; };
		1326AE8D1B86283F00D4563B /* AfterMissionBox.swift in Sources */ = {isa = PBXBuildFile; fileRef = 1326AE8C1B86283F00D4563B /* AfterMissionBox.swift */; };
		132D229B1B9871D10094CF53 /* Tower.swift in Sources */ = {isa = PBXBuildFile; fileRef = 132D229A1B9871D10094CF53 /* Tower.swift */; };
		132D229D1B9875230094CF53 /* PlayerData.swift in Sources */ = {isa = PBXBuildFile; fileRef = 132D229C1B9875230094CF53 /* PlayerData.swift */; };
		132D229F1B9875230094CF53 /* TowerData.swift in Sources */ = {isa = PBXBuildFile; fileRef = 132D229E1B9875230094CF53 /* TowerData.swift */; };
		132FB8681B828FF80012A7D3 /* Parallax.swift in Sources */ = {isa = PBXBuildFile; fileRef = 132FB8671B828FF80012A7D3 /* Parallax.swift */; };
		133184A01B83679200DF11D5 /* Coin.swift in Sources */ = {isa = PBXBuildFile; fileRef = 1331849F1B83679200DF11D5 /* Coin.swift */; };
		133184A21B83AADB00DF11D5 /* Spike.swift in Sources */ = {isa = PBXBuildFile; fileRef = 133184A11B83AADB00DF11D5 /* Spike.swift */; };
		13428EBE1B7CB0BC0017D23A /* Square.swift in Sources */ = {isa = PBXBuildFile; fileRef = 13428EBD1B7CB0BC0017D23A /* Square.swift */; };
		13428EC01B7CB4A90017D23A /* Player.swift in Sources */ = {isa = PBXBuildFile; fileRef = 13428EBF1B7CB4A90017D23A /* Player.swift */; };
		1359DC9A1B727726006C12FA /* TowerUp.xcdatamodeld in Sources */ = {isa = PBXBuildFile; fileRef = 1359DC981B727726006C12FA /* TowerUp.xcdatamodeld */; };
		1359DD011B72805F006C12FA /* GameScene.swift in Sources */ = {isa = PBXBuildFile; fileRef = 1359DD001B72805F006C12FA /* GameScene.swift */; };
		1359DD041B728168006C12FA /* Config.swift in Sources */ = {isa = PBXBuildFile; fileRef = 1359DD031B728168006C12FA /* Config.swift */; };
		1359DD061B728574006C12FA /* GameMath.swift in Sources */ = {isa = PBXBuildFile; fileRef = 1359DD051B728574006C12FA /* GameMath.swift */; };
		1359DD081B728611006C12FA /* GameColors.swift in Sources */ = {isa = PBXBuildFile; fileRef = 1359DD071B728611006C12FA /* GameColors.swift */; };
		1359DD0C1B7286D3006C12FA /* MainMenuScene.swift in Sources */ = {isa = PBXBuildFile; fileRef = 1359DD0B1B7286D3006C12FA /* MainMenuScene.swift */; };
		1359DD0E1B72874C006C12FA /* Control.swift in Sources */ = {isa = PBXBuildFile; fileRef = 1359DD0D1B72874C006C12FA /* Control.swift */; };
		1359DD101B7287A7006C12FA /* Button.swift in Sources */ = {isa = PBXBuildFile; fileRef = 1359DD0F1B7287A7006C12FA /* Button.swift */; };
		1359DD161B728C95006C12FA /* Switch.swift in Sources */ = {isa = PBXBuildFile; fileRef = 1359DD151B728C95006C12FA /* Switch.swift */; };
		1359DD181B728D3E006C12FA /* Label.swift in Sources */ = {isa = PBXBuildFile; fileRef = 1359DD171B728D3E006C12FA /* Label.swift */; };
		1383FD5E1B7A49730012DA45 /* MapManager.swift in Sources */ = {isa = PBXBuildFile; fileRef = 1383FD5D1B7A49730012DA45 /* MapManager.swift */; };
		1383FD601B7A4A920012DA45 /* Chunk.swift in Sources */ = {isa = PBXBuildFile; fileRef = 1383FD5F1B7A4A920012DA45 /* Chunk.swift */; };
		1383FD621B7A4B420012DA45 /* Tile.swift in Sources */ = {isa = PBXBuildFile; fileRef = 1383FD611B7A4B420012DA45 /* Tile.swift */; };
		1383FD641B7A50990012DA45 /* Ground.swift in Sources */ = {isa = PBXBuildFile; fileRef = 1383FD631B7A50990012DA45 /* Ground.swift */; };
		138F29031B8F8E28000DC7E7 /* -1 1 0 0 in Resources */ = {isa = PBXBuildFile; fileRef = 138F29021B8F8E28000DC7E7 /* -1 1 0 0 */; };
		139A0E881B73D00200EDE944 /* BeforeMissionScene.swift in Sources */ = {isa = PBXBuildFile; fileRef = 139A0E871B73D00200EDE944 /* BeforeMissionScene.swift */; };
		139A0E8A1B73D05900EDE944 /* MissionScene.swift in Sources */ = {isa = PBXBuildFile; fileRef = 139A0E891B73D05900EDE944 /* MissionScene.swift */; };
		139A0E8F1B7431CB00EDE944 /* MemoryCard.swift in Sources */ = {isa = PBXBuildFile; fileRef = 139A0E8E1B7431CB00EDE944 /* MemoryCard.swift */; };
		13B32C061B74EE93001A1486 /* LobbyScene.swift in Sources */ = {isa = PBXBuildFile; fileRef = 13B32C051B74EE93001A1486 /* LobbyScene.swift */; };
		13B6E6031B8F30EF00624263 /* -1 0 0 0 in Resources */ = {isa = PBXBuildFile; fileRef = 13B6E6021B8F30EF00624263 /* -1 0 0 0 */; };
		13B6E60A1B8F48E200624263 /* 0 2 0 0 in Resources */ = {isa = PBXBuildFile; fileRef = 13B6E6091B8F48E200624263 /* 0 2 0 0 */; };
		13B6E60C1B8F4F6000624263 /* 0 3 0 0 in Resources */ = {isa = PBXBuildFile; fileRef = 13B6E60B1B8F4F6000624263 /* 0 3 0 0 */; };
		13B6E60E1B8F50F000624263 /* 0 4 0 0 in Resources */ = {isa = PBXBuildFile; fileRef = 13B6E60D1B8F50F000624263 /* 0 4 0 0 */; };
		13B6E6101B8F53C500624263 /* 0 5 0 0 in Resources */ = {isa = PBXBuildFile; fileRef = 13B6E60F1B8F53C500624263 /* 0 5 0 0 */; };
		13B6E6121B8F547E00624263 /* 0 6 0 0 in Resources */ = {isa = PBXBuildFile; fileRef = 13B6E6111B8F547E00624263 /* 0 6 0 0 */; };
		13CCB6FC1B72AD310060334C /* LaunchScreen.xib in Resources */ = {isa = PBXBuildFile; fileRef = 13CCB6FB1B72AD310060334C /* LaunchScreen.xib */; };
		13CCB6FE1B72B9010060334C /* TowersScene.swift in Sources */ = {isa = PBXBuildFile; fileRef = 13CCB6FD1B72B9010060334C /* TowersScene.swift */; };
		13CCB7001B72B9A70060334C /* OptionsScene.swift in Sources */ = {isa = PBXBuildFile; fileRef = 13CCB6FF1B72B9A70060334C /* OptionsScene.swift */; };
		13CCB7021B72B9D90060334C /* CreditsScene.swift in Sources */ = {isa = PBXBuildFile; fileRef = 13CCB7011B72B9D90060334C /* CreditsScene.swift */; };
		13CCB7041B7373D00060334C /* FloorsScene.swift in Sources */ = {isa = PBXBuildFile; fileRef = 13CCB7031B7373D00060334C /* FloorsScene.swift */; };
		13DE13051B94C38E0092D50B /* ScrollNode.swift in Sources */ = {isa = PBXBuildFile; fileRef = 13DE13041B94C38E0092D50B /* ScrollNode.swift */; };
		13E7D1091B8CE98D000F67D6 /* 0 0 0 0 in Resources */ = {isa = PBXBuildFile; fileRef = 13E7D1081B8CE98D000F67D6 /* 0 0 0 0 */; };
		13E7D10B1B8CE9D2000F67D6 /* 0 1 0 0 in Resources */ = {isa = PBXBuildFile; fileRef = 13E7D10A1B8CE9D2000F67D6 /* 0 1 0 0 */; };
		13EBD7BE1B7A65E5005F1CA4 /* World.swift in Sources */ = {isa = PBXBuildFile; fileRef = 13EBD7BD1B7A65E5005F1CA4 /* World.swift */; };
		13EBD7C01B7A6614005F1CA4 /* Camera.swift in Sources */ = {isa = PBXBuildFile; fileRef = 13EBD7BF1B7A6614005F1CA4 /* Camera.swift */; };
		13FC80081B86404500865C72 /* MultiplayerGameScene.swift in Sources */ = {isa = PBXBuildFile; fileRef = 13FC80071B86404500865C72 /* MultiplayerGameScene.swift */; };
		13FC800A1B8640B800865C72 /* PlayerOnline.swift in Sources */ = {isa = PBXBuildFile; fileRef = 13FC80091B8640B800865C72 /* PlayerOnline.swift */; };
		3A979BF31B987B3300A8E09F /* Textfield.swift in Sources */ = {isa = PBXBuildFile; fileRef = 3A979BF21B987B3300A8E09F /* Textfield.swift */; };
		5C48055E1B84CFF60066E151 /* DoorTile.swift in Sources */ = {isa = PBXBuildFile; fileRef = 5C48055D1B84CFF60066E151 /* DoorTile.swift */; };
		5CF8A3A61B8F39A000C16CA9 /* PowerUpData.swift in Sources */ = {isa = PBXBuildFile; fileRef = 5CF8A3A51B8F39A000C16CA9 /* PowerUpData.swift */; };
		5CF8A3A81B8F39A000C16CA9 /* FloorData.swift in Sources */ = {isa = PBXBuildFile; fileRef = 5CF8A3A71B8F39A000C16CA9 /* FloorData.swift */; };
		5CF8A3AA1B8F39A000C16CA9 /* SkinData.swift in Sources */ = {isa = PBXBuildFile; fileRef = 5CF8A3A91B8F39A000C16CA9 /* SkinData.swift */; };
		81BA814B1A49DA1800E65899 /* AppDelegate.swift in Sources */ = {isa = PBXBuildFile; fileRef = 81BA814A1A49DA1800E65899 /* AppDelegate.swift */; };
		81BA814D1A49DA1800E65899 /* ViewController.swift in Sources */ = {isa = PBXBuildFile; fileRef = 81BA814C1A49DA1800E65899 /* ViewController.swift */; };
		81BA81501A49DA1800E65899 /* Main.storyboard in Resources */ = {isa = PBXBuildFile; fileRef = 81BA814E1A49DA1800E65899 /* Main.storyboard */; };
		81BA81521A49DA1800E65899 /* Images.xcassets in Resources */ = {isa = PBXBuildFile; fileRef = 81BA81511A49DA1800E65899 /* Images.xcassets */; };
		81BA81701A49DB6800E65899 /* Bolts.framework in Frameworks */ = {isa = PBXBuildFile; fileRef = 81BA816B1A49DB6800E65899 /* Bolts.framework */; };
		81BA81711A49DB6800E65899 /* Parse.framework in Frameworks */ = {isa = PBXBuildFile; fileRef = 81BA816C1A49DB6800E65899 /* Parse.framework */; };
		81BA81721A49DB6800E65899 /* ParseCrashReporting.framework in Frameworks */ = {isa = PBXBuildFile; fileRef = 81BA816D1A49DB6800E65899 /* ParseCrashReporting.framework */; };
		81BA81731A49DB6800E65899 /* ParseFacebookUtils.framework in Frameworks */ = {isa = PBXBuildFile; fileRef = 81BA816E1A49DB6800E65899 /* ParseFacebookUtils.framework */; };
		81BA81771A49E0D500E65899 /* libsqlite3.dylib in Frameworks */ = {isa = PBXBuildFile; fileRef = 81BA81761A49E0D500E65899 /* libsqlite3.dylib */; };
		81BA81791A49E0DB00E65899 /* AudioToolbox.framework in Frameworks */ = {isa = PBXBuildFile; fileRef = 81BA81781A49E0DB00E65899 /* AudioToolbox.framework */; };
		81BA817B1A49E0E500E65899 /* SystemConfiguration.framework in Frameworks */ = {isa = PBXBuildFile; fileRef = 81BA817A1A49E0E500E65899 /* SystemConfiguration.framework */; };
		81BA817F1A49E0F000E65899 /* libstdc++.6.dylib in Frameworks */ = {isa = PBXBuildFile; fileRef = 81BA817E1A49E0F000E65899 /* libstdc++.6.dylib */; };
		81BA81811A49E10C00E65899 /* ParseUI.framework in Frameworks */ = {isa = PBXBuildFile; fileRef = 81BA81801A49E10C00E65899 /* ParseUI.framework */; };
/* End PBXBuildFile section */

/* Begin PBXFileReference section */
		13169CD91B810A9100516CF6 /* SocketAckManager.swift */ = {isa = PBXFileReference; fileEncoding = 4; lastKnownFileType = sourcecode.swift; path = SocketAckManager.swift; sourceTree = "<group>"; };
		13169CDA1B810A9100516CF6 /* SocketAnyEvent.swift */ = {isa = PBXFileReference; fileEncoding = 4; lastKnownFileType = sourcecode.swift; path = SocketAnyEvent.swift; sourceTree = "<group>"; };
		13169CDB1B810A9100516CF6 /* SocketEngine.swift */ = {isa = PBXFileReference; fileEncoding = 4; lastKnownFileType = sourcecode.swift; path = SocketEngine.swift; sourceTree = "<group>"; };
		13169CDC1B810A9100516CF6 /* SocketEngineClient.swift */ = {isa = PBXFileReference; fileEncoding = 4; lastKnownFileType = sourcecode.swift; path = SocketEngineClient.swift; sourceTree = "<group>"; };
		13169CDD1B810A9100516CF6 /* SocketEventHandler.swift */ = {isa = PBXFileReference; fileEncoding = 4; lastKnownFileType = sourcecode.swift; path = SocketEventHandler.swift; sourceTree = "<group>"; };
		13169CDE1B810A9100516CF6 /* SocketFixUTF8.swift */ = {isa = PBXFileReference; fileEncoding = 4; lastKnownFileType = sourcecode.swift; path = SocketFixUTF8.swift; sourceTree = "<group>"; };
		13169CDF1B810A9100516CF6 /* SocketIOClient.swift */ = {isa = PBXFileReference; fileEncoding = 4; lastKnownFileType = sourcecode.swift; path = SocketIOClient.swift; sourceTree = "<group>"; };
		13169CE01B810A9100516CF6 /* SocketLogger.swift */ = {isa = PBXFileReference; fileEncoding = 4; lastKnownFileType = sourcecode.swift; path = SocketLogger.swift; sourceTree = "<group>"; };
		13169CE11B810A9100516CF6 /* SocketPacket.swift */ = {isa = PBXFileReference; fileEncoding = 4; lastKnownFileType = sourcecode.swift; path = SocketPacket.swift; sourceTree = "<group>"; };
		13169CE21B810A9100516CF6 /* SocketParser.swift */ = {isa = PBXFileReference; fileEncoding = 4; lastKnownFileType = sourcecode.swift; path = SocketParser.swift; sourceTree = "<group>"; };
		13169CE31B810A9100516CF6 /* SocketTypes.swift */ = {isa = PBXFileReference; fileEncoding = 4; lastKnownFileType = sourcecode.swift; path = SocketTypes.swift; sourceTree = "<group>"; };
		13169CE41B810A9100516CF6 /* SwiftRegex.swift */ = {isa = PBXFileReference; fileEncoding = 4; lastKnownFileType = sourcecode.swift; path = SwiftRegex.swift; sourceTree = "<group>"; };
		13169CE51B810A9100516CF6 /* WebSocket.swift */ = {isa = PBXFileReference; fileEncoding = 4; lastKnownFileType = sourcecode.swift; path = WebSocket.swift; sourceTree = "<group>"; };
		1323B1511B83554A00174777 /* WinTile.swift */ = {isa = PBXFileReference; fileEncoding = 4; lastKnownFileType = sourcecode.swift; name = WinTile.swift; path = src/WinTile.swift; sourceTree = "<group>"; };
		1323FF5C1B90817F00EF4C2E /* MultiplayerWinBox.swift */ = {isa = PBXFileReference; fileEncoding = 4; lastKnownFileType = sourcecode.swift; name = MultiplayerWinBox.swift; path = Boxes/MultiplayerWinBox.swift; sourceTree = "<group>"; };
		1323FF5E1B90C7AF00EF4C2E /* PowerUp.swift */ = {isa = PBXFileReference; fileEncoding = 4; lastKnownFileType = sourcecode.swift; name = PowerUp.swift; path = src/PowerUp.swift; sourceTree = "<group>"; };
		1323FF601B90C83300EF4C2E /* Skin.swift */ = {isa = PBXFileReference; fileEncoding = 4; lastKnownFileType = sourcecode.swift; name = Skin.swift; path = src/Skin.swift; sourceTree = "<group>"; };
		1326AE871B85FCA300D4563B /* Box.swift */ = {isa = PBXFileReference; fileEncoding = 4; lastKnownFileType = sourcecode.swift; name = Box.swift; path = src/Box.swift; sourceTree = "<group>"; };
		1326AE891B85FD8800D4563B /* Event.swift */ = {isa = PBXFileReference; fileEncoding = 4; lastKnownFileType = sourcecode.swift; name = Event.swift; path = src/Event.swift; sourceTree = "<group>"; };
		1326AE8C1B86283F00D4563B /* AfterMissionBox.swift */ = {isa = PBXFileReference; fileEncoding = 4; lastKnownFileType = sourcecode.swift; name = AfterMissionBox.swift; path = Boxes/AfterMissionBox.swift; sourceTree = "<group>"; };
		132D229A1B9871D10094CF53 /* Tower.swift */ = {isa = PBXFileReference; fileEncoding = 4; lastKnownFileType = sourcecode.swift; name = Tower.swift; path = src/Tower.swift; sourceTree = "<group>"; };
		132D229C1B9875230094CF53 /* PlayerData.swift */ = {isa = PBXFileReference; fileEncoding = 4; lastKnownFileType = sourcecode.swift; path = PlayerData.swift; sourceTree = "<group>"; };
		132D229E1B9875230094CF53 /* TowerData.swift */ = {isa = PBXFileReference; fileEncoding = 4; lastKnownFileType = sourcecode.swift; path = TowerData.swift; sourceTree = "<group>"; };
		132FB8671B828FF80012A7D3 /* Parallax.swift */ = {isa = PBXFileReference; fileEncoding = 4; lastKnownFileType = sourcecode.swift; name = Parallax.swift; path = src/Parallax.swift; sourceTree = "<group>"; };
		1331849F1B83679200DF11D5 /* Coin.swift */ = {isa = PBXFileReference; fileEncoding = 4; lastKnownFileType = sourcecode.swift; name = Coin.swift; path = src/Coin.swift; sourceTree = "<group>"; };
		133184A11B83AADB00DF11D5 /* Spike.swift */ = {isa = PBXFileReference; fileEncoding = 4; lastKnownFileType = sourcecode.swift; name = Spike.swift; path = src/Spike.swift; sourceTree = "<group>"; };
		13428EBD1B7CB0BC0017D23A /* Square.swift */ = {isa = PBXFileReference; fileEncoding = 4; lastKnownFileType = sourcecode.swift; name = Square.swift; path = src/Square.swift; sourceTree = "<group>"; };
		13428EBF1B7CB4A90017D23A /* Player.swift */ = {isa = PBXFileReference; fileEncoding = 4; lastKnownFileType = sourcecode.swift; name = Player.swift; path = src/Player.swift; sourceTree = "<group>"; };
		1359DC991B727726006C12FA /* TowerUp.xcdatamodel */ = {isa = PBXFileReference; lastKnownFileType = wrapper.xcdatamodel; path = TowerUp.xcdatamodel; sourceTree = "<group>"; };
		1359DD001B72805F006C12FA /* GameScene.swift */ = {isa = PBXFileReference; fileEncoding = 4; lastKnownFileType = sourcecode.swift; name = GameScene.swift; path = src/GameScene.swift; sourceTree = "<group>"; };
		1359DD031B728168006C12FA /* Config.swift */ = {isa = PBXFileReference; fileEncoding = 4; lastKnownFileType = sourcecode.swift; name = Config.swift; path = src/Config.swift; sourceTree = "<group>"; };
		1359DD051B728574006C12FA /* GameMath.swift */ = {isa = PBXFileReference; fileEncoding = 4; lastKnownFileType = sourcecode.swift; name = GameMath.swift; path = src/GameMath.swift; sourceTree = "<group>"; };
		1359DD071B728611006C12FA /* GameColors.swift */ = {isa = PBXFileReference; fileEncoding = 4; lastKnownFileType = sourcecode.swift; name = GameColors.swift; path = src/GameColors.swift; sourceTree = "<group>"; };
		1359DD0B1B7286D3006C12FA /* MainMenuScene.swift */ = {isa = PBXFileReference; fileEncoding = 4; lastKnownFileType = sourcecode.swift; name = MainMenuScene.swift; path = Scenes/MainMenuScene.swift; sourceTree = "<group>"; };
		1359DD0D1B72874C006C12FA /* Control.swift */ = {isa = PBXFileReference; fileEncoding = 4; lastKnownFileType = sourcecode.swift; name = Control.swift; path = src/Control.swift; sourceTree = "<group>"; };
		1359DD0F1B7287A7006C12FA /* Button.swift */ = {isa = PBXFileReference; fileEncoding = 4; lastKnownFileType = sourcecode.swift; name = Button.swift; path = src/Button.swift; sourceTree = "<group>"; };
		1359DD151B728C95006C12FA /* Switch.swift */ = {isa = PBXFileReference; fileEncoding = 4; lastKnownFileType = sourcecode.swift; name = Switch.swift; path = src/Switch.swift; sourceTree = "<group>"; };
		1359DD171B728D3E006C12FA /* Label.swift */ = {isa = PBXFileReference; fileEncoding = 4; lastKnownFileType = sourcecode.swift; name = Label.swift; path = src/Label.swift; sourceTree = "<group>"; };
		1383FD5D1B7A49730012DA45 /* MapManager.swift */ = {isa = PBXFileReference; fileEncoding = 4; lastKnownFileType = sourcecode.swift; name = MapManager.swift; path = src/MapManager.swift; sourceTree = "<group>"; };
		1383FD5F1B7A4A920012DA45 /* Chunk.swift */ = {isa = PBXFileReference; fileEncoding = 4; lastKnownFileType = sourcecode.swift; name = Chunk.swift; path = src/Chunk.swift; sourceTree = "<group>"; };
		1383FD611B7A4B420012DA45 /* Tile.swift */ = {isa = PBXFileReference; fileEncoding = 4; lastKnownFileType = sourcecode.swift; name = Tile.swift; path = src/Tile.swift; sourceTree = "<group>"; };
		1383FD631B7A50990012DA45 /* Ground.swift */ = {isa = PBXFileReference; fileEncoding = 4; lastKnownFileType = sourcecode.swift; path = Ground.swift; sourceTree = "<group>"; };
		138F29021B8F8E28000DC7E7 /* -1 1 0 0 */ = {isa = PBXFileReference; fileEncoding = 4; lastKnownFileType = text; path = "-1 1 0 0"; sourceTree = "<group>"; };
		139A0E871B73D00200EDE944 /* BeforeMissionScene.swift */ = {isa = PBXFileReference; fileEncoding = 4; lastKnownFileType = sourcecode.swift; name = BeforeMissionScene.swift; path = Scenes/BeforeMissionScene.swift; sourceTree = "<group>"; };
		139A0E891B73D05900EDE944 /* MissionScene.swift */ = {isa = PBXFileReference; fileEncoding = 4; lastKnownFileType = sourcecode.swift; name = MissionScene.swift; path = Scenes/MissionScene.swift; sourceTree = "<group>"; };
		139A0E8E1B7431CB00EDE944 /* MemoryCard.swift */ = {isa = PBXFileReference; fileEncoding = 4; lastKnownFileType = sourcecode.swift; name = MemoryCard.swift; path = CoreData/MemoryCard.swift; sourceTree = "<group>"; };
		13B32C051B74EE93001A1486 /* LobbyScene.swift */ = {isa = PBXFileReference; fileEncoding = 4; lastKnownFileType = sourcecode.swift; name = LobbyScene.swift; path = Scenes/LobbyScene.swift; sourceTree = "<group>"; };
		13B6E6021B8F30EF00624263 /* -1 0 0 0 */ = {isa = PBXFileReference; fileEncoding = 4; lastKnownFileType = text; name = "-1 0 0 0"; path = "Multiplayer/-1 0 0 0"; sourceTree = "<group>"; };
		13B6E6091B8F48E200624263 /* 0 2 0 0 */ = {isa = PBXFileReference; fileEncoding = 4; lastKnownFileType = text; path = "0 2 0 0"; sourceTree = "<group>"; };
		13B6E60B1B8F4F6000624263 /* 0 3 0 0 */ = {isa = PBXFileReference; fileEncoding = 4; lastKnownFileType = text; path = "0 3 0 0"; sourceTree = "<group>"; };
		13B6E60D1B8F50F000624263 /* 0 4 0 0 */ = {isa = PBXFileReference; fileEncoding = 4; lastKnownFileType = text; path = "0 4 0 0"; sourceTree = "<group>"; };
		13B6E60F1B8F53C500624263 /* 0 5 0 0 */ = {isa = PBXFileReference; fileEncoding = 4; lastKnownFileType = text; path = "0 5 0 0"; sourceTree = "<group>"; };
		13B6E6111B8F547E00624263 /* 0 6 0 0 */ = {isa = PBXFileReference; fileEncoding = 4; lastKnownFileType = text; path = "0 6 0 0"; sourceTree = "<group>"; };
		13CCB6FB1B72AD310060334C /* LaunchScreen.xib */ = {isa = PBXFileReference; fileEncoding = 4; lastKnownFileType = file.xib; path = LaunchScreen.xib; sourceTree = "<group>"; };
		13CCB6FD1B72B9010060334C /* TowersScene.swift */ = {isa = PBXFileReference; fileEncoding = 4; lastKnownFileType = sourcecode.swift; name = TowersScene.swift; path = Scenes/TowersScene.swift; sourceTree = "<group>"; };
		13CCB6FF1B72B9A70060334C /* OptionsScene.swift */ = {isa = PBXFileReference; fileEncoding = 4; lastKnownFileType = sourcecode.swift; name = OptionsScene.swift; path = Scenes/OptionsScene.swift; sourceTree = "<group>"; };
		13CCB7011B72B9D90060334C /* CreditsScene.swift */ = {isa = PBXFileReference; fileEncoding = 4; lastKnownFileType = sourcecode.swift; name = CreditsScene.swift; path = Scenes/CreditsScene.swift; sourceTree = "<group>"; };
		13CCB7031B7373D00060334C /* FloorsScene.swift */ = {isa = PBXFileReference; fileEncoding = 4; lastKnownFileType = sourcecode.swift; name = FloorsScene.swift; path = Scenes/FloorsScene.swift; sourceTree = "<group>"; };
		13DE13041B94C38E0092D50B /* ScrollNode.swift */ = {isa = PBXFileReference; fileEncoding = 4; lastKnownFileType = sourcecode.swift; name = ScrollNode.swift; path = src/ScrollNode.swift; sourceTree = "<group>"; };
		13E7D1081B8CE98D000F67D6 /* 0 0 0 0 */ = {isa = PBXFileReference; fileEncoding = 4; lastKnownFileType = text; path = "0 0 0 0"; sourceTree = "<group>"; };
		13E7D10A1B8CE9D2000F67D6 /* 0 1 0 0 */ = {isa = PBXFileReference; fileEncoding = 4; lastKnownFileType = text; path = "0 1 0 0"; sourceTree = "<group>"; };
		13EBD7BD1B7A65E5005F1CA4 /* World.swift */ = {isa = PBXFileReference; fileEncoding = 4; lastKnownFileType = sourcecode.swift; name = World.swift; path = src/World.swift; sourceTree = "<group>"; };
		13EBD7BF1B7A6614005F1CA4 /* Camera.swift */ = {isa = PBXFileReference; fileEncoding = 4; lastKnownFileType = sourcecode.swift; name = Camera.swift; path = src/Camera.swift; sourceTree = "<group>"; };
		13FC80071B86404500865C72 /* MultiplayerGameScene.swift */ = {isa = PBXFileReference; fileEncoding = 4; lastKnownFileType = sourcecode.swift; name = MultiplayerGameScene.swift; path = Scenes/MultiplayerGameScene.swift; sourceTree = "<group>"; };
		13FC80091B8640B800865C72 /* PlayerOnline.swift */ = {isa = PBXFileReference; fileEncoding = 4; lastKnownFileType = sourcecode.swift; name = PlayerOnline.swift; path = src/PlayerOnline.swift; sourceTree = "<group>"; };
		3A979BF21B987B3300A8E09F /* Textfield.swift */ = {isa = PBXFileReference; fileEncoding = 4; lastKnownFileType = sourcecode.swift; name = Textfield.swift; path = src/Textfield.swift; sourceTree = "<group>"; };
		5C48055D1B84CFF60066E151 /* DoorTile.swift */ = {isa = PBXFileReference; fileEncoding = 4; lastKnownFileType = sourcecode.swift; path = DoorTile.swift; sourceTree = "<group>"; };
		5CF8A3A51B8F39A000C16CA9 /* PowerUpData.swift */ = {isa = PBXFileReference; fileEncoding = 4; lastKnownFileType = sourcecode.swift; name = PowerUpData.swift; path = CoreData/PowerUpData.swift; sourceTree = "<group>"; };
		5CF8A3A71B8F39A000C16CA9 /* FloorData.swift */ = {isa = PBXFileReference; fileEncoding = 4; lastKnownFileType = sourcecode.swift; name = FloorData.swift; path = CoreData/FloorData.swift; sourceTree = "<group>"; };
		5CF8A3A91B8F39A000C16CA9 /* SkinData.swift */ = {isa = PBXFileReference; fileEncoding = 4; lastKnownFileType = sourcecode.swift; name = SkinData.swift; path = CoreData/SkinData.swift; sourceTree = "<group>"; };
		81BA81451A49DA1800E65899 /* TowerUp.app */ = {isa = PBXFileReference; explicitFileType = wrapper.application; includeInIndex = 0; path = TowerUp.app; sourceTree = BUILT_PRODUCTS_DIR; };
		81BA81491A49DA1800E65899 /* Info.plist */ = {isa = PBXFileReference; lastKnownFileType = text.plist.xml; path = Info.plist; sourceTree = "<group>"; };
		81BA814A1A49DA1800E65899 /* AppDelegate.swift */ = {isa = PBXFileReference; lastKnownFileType = sourcecode.swift; path = AppDelegate.swift; sourceTree = "<group>"; };
		81BA814C1A49DA1800E65899 /* ViewController.swift */ = {isa = PBXFileReference; lastKnownFileType = sourcecode.swift; path = ViewController.swift; sourceTree = "<group>"; };
		81BA814F1A49DA1800E65899 /* Base */ = {isa = PBXFileReference; lastKnownFileType = file.storyboard; name = Base; path = Base.lproj/Main.storyboard; sourceTree = "<group>"; };
		81BA81511A49DA1800E65899 /* Images.xcassets */ = {isa = PBXFileReference; lastKnownFileType = folder.assetcatalog; path = Images.xcassets; sourceTree = "<group>"; };
		81BA816B1A49DB6800E65899 /* Bolts.framework */ = {isa = PBXFileReference; lastKnownFileType = wrapper.framework; path = Bolts.framework; sourceTree = "<group>"; };
		81BA816C1A49DB6800E65899 /* Parse.framework */ = {isa = PBXFileReference; lastKnownFileType = wrapper.framework; path = Parse.framework; sourceTree = "<group>"; };
		81BA816D1A49DB6800E65899 /* ParseCrashReporting.framework */ = {isa = PBXFileReference; lastKnownFileType = wrapper.framework; path = ParseCrashReporting.framework; sourceTree = "<group>"; };
		81BA816E1A49DB6800E65899 /* ParseFacebookUtils.framework */ = {isa = PBXFileReference; lastKnownFileType = wrapper.framework; path = ParseFacebookUtils.framework; sourceTree = "<group>"; };
		81BA81761A49E0D500E65899 /* libsqlite3.dylib */ = {isa = PBXFileReference; lastKnownFileType = "compiled.mach-o.dylib"; name = libsqlite3.dylib; path = usr/lib/libsqlite3.dylib; sourceTree = SDKROOT; };
		81BA81781A49E0DB00E65899 /* AudioToolbox.framework */ = {isa = PBXFileReference; lastKnownFileType = wrapper.framework; name = AudioToolbox.framework; path = System/Library/Frameworks/AudioToolbox.framework; sourceTree = SDKROOT; };
		81BA817A1A49E0E500E65899 /* SystemConfiguration.framework */ = {isa = PBXFileReference; lastKnownFileType = wrapper.framework; name = SystemConfiguration.framework; path = System/Library/Frameworks/SystemConfiguration.framework; sourceTree = SDKROOT; };
		81BA817E1A49E0F000E65899 /* libstdc++.6.dylib */ = {isa = PBXFileReference; lastKnownFileType = "compiled.mach-o.dylib"; name = "libstdc++.6.dylib"; path = "usr/lib/libstdc++.6.dylib"; sourceTree = SDKROOT; };
		81BA81801A49E10C00E65899 /* ParseUI.framework */ = {isa = PBXFileReference; lastKnownFileType = wrapper.framework; path = ParseUI.framework; sourceTree = "<group>"; };
		81BA81821A49E27F00E65899 /* TowerUp-Bridging-Header.h */ = {isa = PBXFileReference; fileEncoding = 4; lastKnownFileType = sourcecode.c.h; path = "TowerUp-Bridging-Header.h"; sourceTree = "<group>"; };
/* End PBXFileReference section */

/* Begin PBXFrameworksBuildPhase section */
		81BA81421A49DA1800E65899 /* Frameworks */ = {
			isa = PBXFrameworksBuildPhase;
			buildActionMask = 2147483647;
			files = (
				81BA817F1A49E0F000E65899 /* libstdc++.6.dylib in Frameworks */,
				81BA817B1A49E0E500E65899 /* SystemConfiguration.framework in Frameworks */,
				81BA81791A49E0DB00E65899 /* AudioToolbox.framework in Frameworks */,
				81BA81771A49E0D500E65899 /* libsqlite3.dylib in Frameworks */,
				81BA81711A49DB6800E65899 /* Parse.framework in Frameworks */,
				81BA81721A49DB6800E65899 /* ParseCrashReporting.framework in Frameworks */,
				81BA81731A49DB6800E65899 /* ParseFacebookUtils.framework in Frameworks */,
				81BA81811A49E10C00E65899 /* ParseUI.framework in Frameworks */,
				81BA81701A49DB6800E65899 /* Bolts.framework in Frameworks */,
			);
			runOnlyForDeploymentPostprocessing = 0;
		};
/* End PBXFrameworksBuildPhase section */

/* Begin PBXGroup section */
		13169CD81B810A8800516CF6 /* SocketIOClient */ = {
			isa = PBXGroup;
			children = (
				13169CD91B810A9100516CF6 /* SocketAckManager.swift */,
				13169CDA1B810A9100516CF6 /* SocketAnyEvent.swift */,
				13169CDB1B810A9100516CF6 /* SocketEngine.swift */,
				13169CDC1B810A9100516CF6 /* SocketEngineClient.swift */,
				13169CDD1B810A9100516CF6 /* SocketEventHandler.swift */,
				13169CDE1B810A9100516CF6 /* SocketFixUTF8.swift */,
				13169CDF1B810A9100516CF6 /* SocketIOClient.swift */,
				13169CE01B810A9100516CF6 /* SocketLogger.swift */,
				13169CE11B810A9100516CF6 /* SocketPacket.swift */,
				13169CE21B810A9100516CF6 /* SocketParser.swift */,
				13169CE31B810A9100516CF6 /* SocketTypes.swift */,
				13169CE41B810A9100516CF6 /* SwiftRegex.swift */,
				13169CE51B810A9100516CF6 /* WebSocket.swift */,
			);
			name = SocketIOClient;
			sourceTree = "<group>";
		};
		1326AE8B1B86278C00D4563B /* Boxes */ = {
			isa = PBXGroup;
			children = (
				1326AE8C1B86283F00D4563B /* AfterMissionBox.swift */,
				1323FF5C1B90817F00EF4C2E /* MultiplayerWinBox.swift */,
			);
			name = Boxes;
			sourceTree = "<group>";
		};
		1359DCFD1B727FFE006C12FA /* src */ = {
			isa = PBXGroup;
			children = (
				81BA814A1A49DA1800E65899 /* AppDelegate.swift */,
				1326AE871B85FCA300D4563B /* Box.swift */,
				1359DD0F1B7287A7006C12FA /* Button.swift */,
				13EBD7BF1B7A6614005F1CA4 /* Camera.swift */,
				1383FD5F1B7A4A920012DA45 /* Chunk.swift */,
				1331849F1B83679200DF11D5 /* Coin.swift */,
				1359DD031B728168006C12FA /* Config.swift */,
				1359DD0D1B72874C006C12FA /* Control.swift */,
				5C48055D1B84CFF60066E151 /* DoorTile.swift */,
				1326AE891B85FD8800D4563B /* Event.swift */,
				1359DD071B728611006C12FA /* GameColors.swift */,
				1359DD051B728574006C12FA /* GameMath.swift */,
				1383FD631B7A50990012DA45 /* Ground.swift */,
				1359DD171B728D3E006C12FA /* Label.swift */,
				1383FD5D1B7A49730012DA45 /* MapManager.swift */,
				132FB8671B828FF80012A7D3 /* Parallax.swift */,
				13428EBF1B7CB4A90017D23A /* Player.swift */,
				13FC80091B8640B800865C72 /* PlayerOnline.swift */,
				1323FF5E1B90C7AF00EF4C2E /* PowerUp.swift */,
				13DE13041B94C38E0092D50B /* ScrollNode.swift */,
				1323FF601B90C83300EF4C2E /* Skin.swift */,
				133184A11B83AADB00DF11D5 /* Spike.swift */,
				13428EBD1B7CB0BC0017D23A /* Square.swift */,
				1359DD151B728C95006C12FA /* Switch.swift */,
				3A979BF21B987B3300A8E09F /* Textfield.swift */,
				1383FD611B7A4B420012DA45 /* Tile.swift */,
				132D229A1B9871D10094CF53 /* Tower.swift */,
				81BA814C1A49DA1800E65899 /* ViewController.swift */,
				1323B1511B83554A00174777 /* WinTile.swift */,
				13EBD7BD1B7A65E5005F1CA4 /* World.swift */,
			);
			name = src;
			sourceTree = "<group>";
		};
		1359DD021B728114006C12FA /* Scenes */ = {
			isa = PBXGroup;
			children = (
				139A0E871B73D00200EDE944 /* BeforeMissionScene.swift */,
				13CCB7011B72B9D90060334C /* CreditsScene.swift */,
				13CCB7031B7373D00060334C /* FloorsScene.swift */,
				1359DD001B72805F006C12FA /* GameScene.swift */,
				13B32C051B74EE93001A1486 /* LobbyScene.swift */,
				1359DD0B1B7286D3006C12FA /* MainMenuScene.swift */,
				139A0E891B73D05900EDE944 /* MissionScene.swift */,
				13FC80071B86404500865C72 /* MultiplayerGameScene.swift */,
				13CCB6FF1B72B9A70060334C /* OptionsScene.swift */,
				13CCB6FD1B72B9010060334C /* TowersScene.swift */,
			);
			name = Scenes;
			sourceTree = "<group>";
		};
		138F29041B8F8E2F000DC7E7 /* Floor0 */ = {
			isa = PBXGroup;
			children = (
				13B6E6021B8F30EF00624263 /* -1 0 0 0 */,
			);
			name = Floor0;
			sourceTree = "<group>";
		};
		138F29051B8F8E3D000DC7E7 /* Floor1 */ = {
			isa = PBXGroup;
			children = (
				138F29021B8F8E28000DC7E7 /* -1 1 0 0 */,
			);
			name = Floor1;
			sourceTree = "<group>";
		};
		139A0E8D1B74319000EDE944 /* CoreData */ = {
			isa = PBXGroup;
			children = (
				5CF8A3A71B8F39A000C16CA9 /* FloorData.swift */,
				139A0E8E1B7431CB00EDE944 /* MemoryCard.swift */,
				132D229C1B9875230094CF53 /* PlayerData.swift */,
				5CF8A3A51B8F39A000C16CA9 /* PowerUpData.swift */,
				5CF8A3A91B8F39A000C16CA9 /* SkinData.swift */,
				132D229E1B9875230094CF53 /* TowerData.swift */,
				1359DC981B727726006C12FA /* TowerUp.xcdatamodeld */,
			);
			name = CoreData;
			sourceTree = "<group>";
		};
		13B6E6011B8F309F00624263 /* Multiplayer */ = {
			isa = PBXGroup;
			children = (
				138F29041B8F8E2F000DC7E7 /* Floor0 */,
				138F29051B8F8E3D000DC7E7 /* Floor1 */,
			);
			name = Multiplayer;
			sourceTree = "<group>";
		};
		13E7D0971B8CE7E3000F67D6 /* _Maps */ = {
			isa = PBXGroup;
			children = (
				13B6E6011B8F309F00624263 /* Multiplayer */,
				13E7D0981B8CE7E3000F67D6 /* Tower0 */,
				13E7D0A31B8CE7E3000F67D6 /* Tower1 */,
				13E7D0AE1B8CE7E3000F67D6 /* Tower2 */,
				13E7D0B91B8CE7E3000F67D6 /* Tower3 */,
				13E7D0C41B8CE7E3000F67D6 /* Tower4 */,
				13E7D0CF1B8CE7E3000F67D6 /* Tower5 */,
				13E7D0DA1B8CE7E3000F67D6 /* Tower6 */,
				13E7D0E51B8CE7E3000F67D6 /* Tower7 */,
				13E7D0F01B8CE7E3000F67D6 /* Tower8 */,
				13E7D0FB1B8CE7E3000F67D6 /* Tower9 */,
			);
			path = _Maps;
			sourceTree = "<group>";
		};
		13E7D0981B8CE7E3000F67D6 /* Tower0 */ = {
			isa = PBXGroup;
			children = (
				13E7D0991B8CE7E3000F67D6 /* Floor0 */,
				13E7D09A1B8CE7E3000F67D6 /* Floor1 */,
				13E7D09B1B8CE7E3000F67D6 /* Floor2 */,
				13E7D09C1B8CE7E3000F67D6 /* Floor3 */,
				13E7D09D1B8CE7E3000F67D6 /* Floor4 */,
				13E7D09E1B8CE7E3000F67D6 /* Floor5 */,
				13E7D09F1B8CE7E3000F67D6 /* Floor6 */,
				13E7D0A01B8CE7E3000F67D6 /* Floor7 */,
				13E7D0A11B8CE7E3000F67D6 /* Floor8 */,
				13E7D0A21B8CE7E3000F67D6 /* Floor9 */,
			);
			path = Tower0;
			sourceTree = "<group>";
		};
		13E7D0991B8CE7E3000F67D6 /* Floor0 */ = {
			isa = PBXGroup;
			children = (
				13E7D1081B8CE98D000F67D6 /* 0 0 0 0 */,
			);
			path = Floor0;
			sourceTree = "<group>";
		};
		13E7D09A1B8CE7E3000F67D6 /* Floor1 */ = {
			isa = PBXGroup;
			children = (
				13E7D10A1B8CE9D2000F67D6 /* 0 1 0 0 */,
			);
			path = Floor1;
			sourceTree = "<group>";
		};
		13E7D09B1B8CE7E3000F67D6 /* Floor2 */ = {
			isa = PBXGroup;
			children = (
				13B6E6091B8F48E200624263 /* 0 2 0 0 */,
			);
			path = Floor2;
			sourceTree = "<group>";
		};
		13E7D09C1B8CE7E3000F67D6 /* Floor3 */ = {
			isa = PBXGroup;
			children = (
				13B6E60B1B8F4F6000624263 /* 0 3 0 0 */,
			);
			path = Floor3;
			sourceTree = "<group>";
		};
		13E7D09D1B8CE7E3000F67D6 /* Floor4 */ = {
			isa = PBXGroup;
			children = (
				13B6E60D1B8F50F000624263 /* 0 4 0 0 */,
			);
			path = Floor4;
			sourceTree = "<group>";
		};
		13E7D09E1B8CE7E3000F67D6 /* Floor5 */ = {
			isa = PBXGroup;
			children = (
				13B6E60F1B8F53C500624263 /* 0 5 0 0 */,
			);
			path = Floor5;
			sourceTree = "<group>";
		};
		13E7D09F1B8CE7E3000F67D6 /* Floor6 */ = {
			isa = PBXGroup;
			children = (
				13B6E6111B8F547E00624263 /* 0 6 0 0 */,
			);
			path = Floor6;
			sourceTree = "<group>";
		};
		13E7D0A01B8CE7E3000F67D6 /* Floor7 */ = {
			isa = PBXGroup;
			children = (
			);
			path = Floor7;
			sourceTree = "<group>";
		};
		13E7D0A11B8CE7E3000F67D6 /* Floor8 */ = {
			isa = PBXGroup;
			children = (
			);
			path = Floor8;
			sourceTree = "<group>";
		};
		13E7D0A21B8CE7E3000F67D6 /* Floor9 */ = {
			isa = PBXGroup;
			children = (
			);
			path = Floor9;
			sourceTree = "<group>";
		};
		13E7D0A31B8CE7E3000F67D6 /* Tower1 */ = {
			isa = PBXGroup;
			children = (
				13E7D0A41B8CE7E3000F67D6 /* Floor0 */,
				13E7D0A51B8CE7E3000F67D6 /* Floor1 */,
				13E7D0A61B8CE7E3000F67D6 /* Floor2 */,
				13E7D0A71B8CE7E3000F67D6 /* Floor3 */,
				13E7D0A81B8CE7E3000F67D6 /* Floor4 */,
				13E7D0A91B8CE7E3000F67D6 /* Floor5 */,
				13E7D0AA1B8CE7E3000F67D6 /* Floor6 */,
				13E7D0AB1B8CE7E3000F67D6 /* Floor7 */,
				13E7D0AC1B8CE7E3000F67D6 /* Floor8 */,
				13E7D0AD1B8CE7E3000F67D6 /* Floor9 */,
			);
			path = Tower1;
			sourceTree = "<group>";
		};
		13E7D0A41B8CE7E3000F67D6 /* Floor0 */ = {
			isa = PBXGroup;
			children = (
			);
			path = Floor0;
			sourceTree = "<group>";
		};
		13E7D0A51B8CE7E3000F67D6 /* Floor1 */ = {
			isa = PBXGroup;
			children = (
			);
			path = Floor1;
			sourceTree = "<group>";
		};
		13E7D0A61B8CE7E3000F67D6 /* Floor2 */ = {
			isa = PBXGroup;
			children = (
			);
			path = Floor2;
			sourceTree = "<group>";
		};
		13E7D0A71B8CE7E3000F67D6 /* Floor3 */ = {
			isa = PBXGroup;
			children = (
			);
			path = Floor3;
			sourceTree = "<group>";
		};
		13E7D0A81B8CE7E3000F67D6 /* Floor4 */ = {
			isa = PBXGroup;
			children = (
			);
			path = Floor4;
			sourceTree = "<group>";
		};
		13E7D0A91B8CE7E3000F67D6 /* Floor5 */ = {
			isa = PBXGroup;
			children = (
			);
			path = Floor5;
			sourceTree = "<group>";
		};
		13E7D0AA1B8CE7E3000F67D6 /* Floor6 */ = {
			isa = PBXGroup;
			children = (
			);
			path = Floor6;
			sourceTree = "<group>";
		};
		13E7D0AB1B8CE7E3000F67D6 /* Floor7 */ = {
			isa = PBXGroup;
			children = (
			);
			path = Floor7;
			sourceTree = "<group>";
		};
		13E7D0AC1B8CE7E3000F67D6 /* Floor8 */ = {
			isa = PBXGroup;
			children = (
			);
			path = Floor8;
			sourceTree = "<group>";
		};
		13E7D0AD1B8CE7E3000F67D6 /* Floor9 */ = {
			isa = PBXGroup;
			children = (
			);
			path = Floor9;
			sourceTree = "<group>";
		};
		13E7D0AE1B8CE7E3000F67D6 /* Tower2 */ = {
			isa = PBXGroup;
			children = (
				13E7D0AF1B8CE7E3000F67D6 /* Floor0 */,
				13E7D0B01B8CE7E3000F67D6 /* Floor1 */,
				13E7D0B11B8CE7E3000F67D6 /* Floor2 */,
				13E7D0B21B8CE7E3000F67D6 /* Floor3 */,
				13E7D0B31B8CE7E3000F67D6 /* Floor4 */,
				13E7D0B41B8CE7E3000F67D6 /* Floor5 */,
				13E7D0B51B8CE7E3000F67D6 /* Floor6 */,
				13E7D0B61B8CE7E3000F67D6 /* Floor7 */,
				13E7D0B71B8CE7E3000F67D6 /* Floor8 */,
				13E7D0B81B8CE7E3000F67D6 /* Floor9 */,
			);
			path = Tower2;
			sourceTree = "<group>";
		};
		13E7D0AF1B8CE7E3000F67D6 /* Floor0 */ = {
			isa = PBXGroup;
			children = (
			);
			path = Floor0;
			sourceTree = "<group>";
		};
		13E7D0B01B8CE7E3000F67D6 /* Floor1 */ = {
			isa = PBXGroup;
			children = (
			);
			path = Floor1;
			sourceTree = "<group>";
		};
		13E7D0B11B8CE7E3000F67D6 /* Floor2 */ = {
			isa = PBXGroup;
			children = (
			);
			path = Floor2;
			sourceTree = "<group>";
		};
		13E7D0B21B8CE7E3000F67D6 /* Floor3 */ = {
			isa = PBXGroup;
			children = (
			);
			path = Floor3;
			sourceTree = "<group>";
		};
		13E7D0B31B8CE7E3000F67D6 /* Floor4 */ = {
			isa = PBXGroup;
			children = (
			);
			path = Floor4;
			sourceTree = "<group>";
		};
		13E7D0B41B8CE7E3000F67D6 /* Floor5 */ = {
			isa = PBXGroup;
			children = (
			);
			path = Floor5;
			sourceTree = "<group>";
		};
		13E7D0B51B8CE7E3000F67D6 /* Floor6 */ = {
			isa = PBXGroup;
			children = (
			);
			path = Floor6;
			sourceTree = "<group>";
		};
		13E7D0B61B8CE7E3000F67D6 /* Floor7 */ = {
			isa = PBXGroup;
			children = (
			);
			path = Floor7;
			sourceTree = "<group>";
		};
		13E7D0B71B8CE7E3000F67D6 /* Floor8 */ = {
			isa = PBXGroup;
			children = (
			);
			path = Floor8;
			sourceTree = "<group>";
		};
		13E7D0B81B8CE7E3000F67D6 /* Floor9 */ = {
			isa = PBXGroup;
			children = (
			);
			path = Floor9;
			sourceTree = "<group>";
		};
		13E7D0B91B8CE7E3000F67D6 /* Tower3 */ = {
			isa = PBXGroup;
			children = (
				13E7D0BA1B8CE7E3000F67D6 /* Floor0 */,
				13E7D0BB1B8CE7E3000F67D6 /* Floor1 */,
				13E7D0BC1B8CE7E3000F67D6 /* Floor2 */,
				13E7D0BD1B8CE7E3000F67D6 /* Floor3 */,
				13E7D0BE1B8CE7E3000F67D6 /* Floor4 */,
				13E7D0BF1B8CE7E3000F67D6 /* Floor5 */,
				13E7D0C01B8CE7E3000F67D6 /* Floor6 */,
				13E7D0C11B8CE7E3000F67D6 /* Floor7 */,
				13E7D0C21B8CE7E3000F67D6 /* Floor8 */,
				13E7D0C31B8CE7E3000F67D6 /* Floor9 */,
			);
			path = Tower3;
			sourceTree = "<group>";
		};
		13E7D0BA1B8CE7E3000F67D6 /* Floor0 */ = {
			isa = PBXGroup;
			children = (
			);
			path = Floor0;
			sourceTree = "<group>";
		};
		13E7D0BB1B8CE7E3000F67D6 /* Floor1 */ = {
			isa = PBXGroup;
			children = (
			);
			path = Floor1;
			sourceTree = "<group>";
		};
		13E7D0BC1B8CE7E3000F67D6 /* Floor2 */ = {
			isa = PBXGroup;
			children = (
			);
			path = Floor2;
			sourceTree = "<group>";
		};
		13E7D0BD1B8CE7E3000F67D6 /* Floor3 */ = {
			isa = PBXGroup;
			children = (
			);
			path = Floor3;
			sourceTree = "<group>";
		};
		13E7D0BE1B8CE7E3000F67D6 /* Floor4 */ = {
			isa = PBXGroup;
			children = (
			);
			path = Floor4;
			sourceTree = "<group>";
		};
		13E7D0BF1B8CE7E3000F67D6 /* Floor5 */ = {
			isa = PBXGroup;
			children = (
			);
			path = Floor5;
			sourceTree = "<group>";
		};
		13E7D0C01B8CE7E3000F67D6 /* Floor6 */ = {
			isa = PBXGroup;
			children = (
			);
			path = Floor6;
			sourceTree = "<group>";
		};
		13E7D0C11B8CE7E3000F67D6 /* Floor7 */ = {
			isa = PBXGroup;
			children = (
			);
			path = Floor7;
			sourceTree = "<group>";
		};
		13E7D0C21B8CE7E3000F67D6 /* Floor8 */ = {
			isa = PBXGroup;
			children = (
			);
			path = Floor8;
			sourceTree = "<group>";
		};
		13E7D0C31B8CE7E3000F67D6 /* Floor9 */ = {
			isa = PBXGroup;
			children = (
			);
			path = Floor9;
			sourceTree = "<group>";
		};
		13E7D0C41B8CE7E3000F67D6 /* Tower4 */ = {
			isa = PBXGroup;
			children = (
				13E7D0C51B8CE7E3000F67D6 /* Floor0 */,
				13E7D0C61B8CE7E3000F67D6 /* Floor1 */,
				13E7D0C71B8CE7E3000F67D6 /* Floor2 */,
				13E7D0C81B8CE7E3000F67D6 /* Floor3 */,
				13E7D0C91B8CE7E3000F67D6 /* Floor4 */,
				13E7D0CA1B8CE7E3000F67D6 /* Floor5 */,
				13E7D0CB1B8CE7E3000F67D6 /* Floor6 */,
				13E7D0CC1B8CE7E3000F67D6 /* Floor7 */,
				13E7D0CD1B8CE7E3000F67D6 /* Floor8 */,
				13E7D0CE1B8CE7E3000F67D6 /* Floor9 */,
			);
			path = Tower4;
			sourceTree = "<group>";
		};
		13E7D0C51B8CE7E3000F67D6 /* Floor0 */ = {
			isa = PBXGroup;
			children = (
			);
			path = Floor0;
			sourceTree = "<group>";
		};
		13E7D0C61B8CE7E3000F67D6 /* Floor1 */ = {
			isa = PBXGroup;
			children = (
			);
			path = Floor1;
			sourceTree = "<group>";
		};
		13E7D0C71B8CE7E3000F67D6 /* Floor2 */ = {
			isa = PBXGroup;
			children = (
			);
			path = Floor2;
			sourceTree = "<group>";
		};
		13E7D0C81B8CE7E3000F67D6 /* Floor3 */ = {
			isa = PBXGroup;
			children = (
			);
			path = Floor3;
			sourceTree = "<group>";
		};
		13E7D0C91B8CE7E3000F67D6 /* Floor4 */ = {
			isa = PBXGroup;
			children = (
			);
			path = Floor4;
			sourceTree = "<group>";
		};
		13E7D0CA1B8CE7E3000F67D6 /* Floor5 */ = {
			isa = PBXGroup;
			children = (
			);
			path = Floor5;
			sourceTree = "<group>";
		};
		13E7D0CB1B8CE7E3000F67D6 /* Floor6 */ = {
			isa = PBXGroup;
			children = (
			);
			path = Floor6;
			sourceTree = "<group>";
		};
		13E7D0CC1B8CE7E3000F67D6 /* Floor7 */ = {
			isa = PBXGroup;
			children = (
			);
			path = Floor7;
			sourceTree = "<group>";
		};
		13E7D0CD1B8CE7E3000F67D6 /* Floor8 */ = {
			isa = PBXGroup;
			children = (
			);
			path = Floor8;
			sourceTree = "<group>";
		};
		13E7D0CE1B8CE7E3000F67D6 /* Floor9 */ = {
			isa = PBXGroup;
			children = (
			);
			path = Floor9;
			sourceTree = "<group>";
		};
		13E7D0CF1B8CE7E3000F67D6 /* Tower5 */ = {
			isa = PBXGroup;
			children = (
				13E7D0D01B8CE7E3000F67D6 /* Floor0 */,
				13E7D0D11B8CE7E3000F67D6 /* Floor1 */,
				13E7D0D21B8CE7E3000F67D6 /* Floor2 */,
				13E7D0D31B8CE7E3000F67D6 /* Floor3 */,
				13E7D0D41B8CE7E3000F67D6 /* Floor4 */,
				13E7D0D51B8CE7E3000F67D6 /* Floor5 */,
				13E7D0D61B8CE7E3000F67D6 /* Floor6 */,
				13E7D0D71B8CE7E3000F67D6 /* Floor7 */,
				13E7D0D81B8CE7E3000F67D6 /* Floor8 */,
				13E7D0D91B8CE7E3000F67D6 /* Floor9 */,
			);
			path = Tower5;
			sourceTree = "<group>";
		};
		13E7D0D01B8CE7E3000F67D6 /* Floor0 */ = {
			isa = PBXGroup;
			children = (
			);
			path = Floor0;
			sourceTree = "<group>";
		};
		13E7D0D11B8CE7E3000F67D6 /* Floor1 */ = {
			isa = PBXGroup;
			children = (
			);
			path = Floor1;
			sourceTree = "<group>";
		};
		13E7D0D21B8CE7E3000F67D6 /* Floor2 */ = {
			isa = PBXGroup;
			children = (
			);
			path = Floor2;
			sourceTree = "<group>";
		};
		13E7D0D31B8CE7E3000F67D6 /* Floor3 */ = {
			isa = PBXGroup;
			children = (
			);
			path = Floor3;
			sourceTree = "<group>";
		};
		13E7D0D41B8CE7E3000F67D6 /* Floor4 */ = {
			isa = PBXGroup;
			children = (
			);
			path = Floor4;
			sourceTree = "<group>";
		};
		13E7D0D51B8CE7E3000F67D6 /* Floor5 */ = {
			isa = PBXGroup;
			children = (
			);
			path = Floor5;
			sourceTree = "<group>";
		};
		13E7D0D61B8CE7E3000F67D6 /* Floor6 */ = {
			isa = PBXGroup;
			children = (
			);
			path = Floor6;
			sourceTree = "<group>";
		};
		13E7D0D71B8CE7E3000F67D6 /* Floor7 */ = {
			isa = PBXGroup;
			children = (
			);
			path = Floor7;
			sourceTree = "<group>";
		};
		13E7D0D81B8CE7E3000F67D6 /* Floor8 */ = {
			isa = PBXGroup;
			children = (
			);
			path = Floor8;
			sourceTree = "<group>";
		};
		13E7D0D91B8CE7E3000F67D6 /* Floor9 */ = {
			isa = PBXGroup;
			children = (
			);
			path = Floor9;
			sourceTree = "<group>";
		};
		13E7D0DA1B8CE7E3000F67D6 /* Tower6 */ = {
			isa = PBXGroup;
			children = (
				13E7D0DB1B8CE7E3000F67D6 /* Floor0 */,
				13E7D0DC1B8CE7E3000F67D6 /* Floor1 */,
				13E7D0DD1B8CE7E3000F67D6 /* Floor2 */,
				13E7D0DE1B8CE7E3000F67D6 /* Floor3 */,
				13E7D0DF1B8CE7E3000F67D6 /* Floor4 */,
				13E7D0E01B8CE7E3000F67D6 /* Floor5 */,
				13E7D0E11B8CE7E3000F67D6 /* Floor6 */,
				13E7D0E21B8CE7E3000F67D6 /* Floor7 */,
				13E7D0E31B8CE7E3000F67D6 /* Floor8 */,
				13E7D0E41B8CE7E3000F67D6 /* Floor9 */,
			);
			path = Tower6;
			sourceTree = "<group>";
		};
		13E7D0DB1B8CE7E3000F67D6 /* Floor0 */ = {
			isa = PBXGroup;
			children = (
			);
			path = Floor0;
			sourceTree = "<group>";
		};
		13E7D0DC1B8CE7E3000F67D6 /* Floor1 */ = {
			isa = PBXGroup;
			children = (
			);
			path = Floor1;
			sourceTree = "<group>";
		};
		13E7D0DD1B8CE7E3000F67D6 /* Floor2 */ = {
			isa = PBXGroup;
			children = (
			);
			path = Floor2;
			sourceTree = "<group>";
		};
		13E7D0DE1B8CE7E3000F67D6 /* Floor3 */ = {
			isa = PBXGroup;
			children = (
			);
			path = Floor3;
			sourceTree = "<group>";
		};
		13E7D0DF1B8CE7E3000F67D6 /* Floor4 */ = {
			isa = PBXGroup;
			children = (
			);
			path = Floor4;
			sourceTree = "<group>";
		};
		13E7D0E01B8CE7E3000F67D6 /* Floor5 */ = {
			isa = PBXGroup;
			children = (
			);
			path = Floor5;
			sourceTree = "<group>";
		};
		13E7D0E11B8CE7E3000F67D6 /* Floor6 */ = {
			isa = PBXGroup;
			children = (
			);
			path = Floor6;
			sourceTree = "<group>";
		};
		13E7D0E21B8CE7E3000F67D6 /* Floor7 */ = {
			isa = PBXGroup;
			children = (
			);
			path = Floor7;
			sourceTree = "<group>";
		};
		13E7D0E31B8CE7E3000F67D6 /* Floor8 */ = {
			isa = PBXGroup;
			children = (
			);
			path = Floor8;
			sourceTree = "<group>";
		};
		13E7D0E41B8CE7E3000F67D6 /* Floor9 */ = {
			isa = PBXGroup;
			children = (
			);
			path = Floor9;
			sourceTree = "<group>";
		};
		13E7D0E51B8CE7E3000F67D6 /* Tower7 */ = {
			isa = PBXGroup;
			children = (
				13E7D0E61B8CE7E3000F67D6 /* Floor0 */,
				13E7D0E71B8CE7E3000F67D6 /* Floor1 */,
				13E7D0E81B8CE7E3000F67D6 /* Floor2 */,
				13E7D0E91B8CE7E3000F67D6 /* Floor3 */,
				13E7D0EA1B8CE7E3000F67D6 /* Floor4 */,
				13E7D0EB1B8CE7E3000F67D6 /* Floor5 */,
				13E7D0EC1B8CE7E3000F67D6 /* Floor6 */,
				13E7D0ED1B8CE7E3000F67D6 /* Floor7 */,
				13E7D0EE1B8CE7E3000F67D6 /* Floor8 */,
				13E7D0EF1B8CE7E3000F67D6 /* Floor9 */,
			);
			path = Tower7;
			sourceTree = "<group>";
		};
		13E7D0E61B8CE7E3000F67D6 /* Floor0 */ = {
			isa = PBXGroup;
			children = (
			);
			path = Floor0;
			sourceTree = "<group>";
		};
		13E7D0E71B8CE7E3000F67D6 /* Floor1 */ = {
			isa = PBXGroup;
			children = (
			);
			path = Floor1;
			sourceTree = "<group>";
		};
		13E7D0E81B8CE7E3000F67D6 /* Floor2 */ = {
			isa = PBXGroup;
			children = (
			);
			path = Floor2;
			sourceTree = "<group>";
		};
		13E7D0E91B8CE7E3000F67D6 /* Floor3 */ = {
			isa = PBXGroup;
			children = (
			);
			path = Floor3;
			sourceTree = "<group>";
		};
		13E7D0EA1B8CE7E3000F67D6 /* Floor4 */ = {
			isa = PBXGroup;
			children = (
			);
			path = Floor4;
			sourceTree = "<group>";
		};
		13E7D0EB1B8CE7E3000F67D6 /* Floor5 */ = {
			isa = PBXGroup;
			children = (
			);
			path = Floor5;
			sourceTree = "<group>";
		};
		13E7D0EC1B8CE7E3000F67D6 /* Floor6 */ = {
			isa = PBXGroup;
			children = (
			);
			path = Floor6;
			sourceTree = "<group>";
		};
		13E7D0ED1B8CE7E3000F67D6 /* Floor7 */ = {
			isa = PBXGroup;
			children = (
			);
			path = Floor7;
			sourceTree = "<group>";
		};
		13E7D0EE1B8CE7E3000F67D6 /* Floor8 */ = {
			isa = PBXGroup;
			children = (
			);
			path = Floor8;
			sourceTree = "<group>";
		};
		13E7D0EF1B8CE7E3000F67D6 /* Floor9 */ = {
			isa = PBXGroup;
			children = (
			);
			path = Floor9;
			sourceTree = "<group>";
		};
		13E7D0F01B8CE7E3000F67D6 /* Tower8 */ = {
			isa = PBXGroup;
			children = (
				13E7D0F11B8CE7E3000F67D6 /* Floor0 */,
				13E7D0F21B8CE7E3000F67D6 /* Floor1 */,
				13E7D0F31B8CE7E3000F67D6 /* Floor2 */,
				13E7D0F41B8CE7E3000F67D6 /* Floor3 */,
				13E7D0F51B8CE7E3000F67D6 /* Floor4 */,
				13E7D0F61B8CE7E3000F67D6 /* Floor5 */,
				13E7D0F71B8CE7E3000F67D6 /* Floor6 */,
				13E7D0F81B8CE7E3000F67D6 /* Floor7 */,
				13E7D0F91B8CE7E3000F67D6 /* Floor8 */,
				13E7D0FA1B8CE7E3000F67D6 /* Floor9 */,
			);
			path = Tower8;
			sourceTree = "<group>";
		};
		13E7D0F11B8CE7E3000F67D6 /* Floor0 */ = {
			isa = PBXGroup;
			children = (
			);
			path = Floor0;
			sourceTree = "<group>";
		};
		13E7D0F21B8CE7E3000F67D6 /* Floor1 */ = {
			isa = PBXGroup;
			children = (
			);
			path = Floor1;
			sourceTree = "<group>";
		};
		13E7D0F31B8CE7E3000F67D6 /* Floor2 */ = {
			isa = PBXGroup;
			children = (
			);
			path = Floor2;
			sourceTree = "<group>";
		};
		13E7D0F41B8CE7E3000F67D6 /* Floor3 */ = {
			isa = PBXGroup;
			children = (
			);
			path = Floor3;
			sourceTree = "<group>";
		};
		13E7D0F51B8CE7E3000F67D6 /* Floor4 */ = {
			isa = PBXGroup;
			children = (
			);
			path = Floor4;
			sourceTree = "<group>";
		};
		13E7D0F61B8CE7E3000F67D6 /* Floor5 */ = {
			isa = PBXGroup;
			children = (
			);
			path = Floor5;
			sourceTree = "<group>";
		};
		13E7D0F71B8CE7E3000F67D6 /* Floor6 */ = {
			isa = PBXGroup;
			children = (
			);
			path = Floor6;
			sourceTree = "<group>";
		};
		13E7D0F81B8CE7E3000F67D6 /* Floor7 */ = {
			isa = PBXGroup;
			children = (
			);
			path = Floor7;
			sourceTree = "<group>";
		};
		13E7D0F91B8CE7E3000F67D6 /* Floor8 */ = {
			isa = PBXGroup;
			children = (
			);
			path = Floor8;
			sourceTree = "<group>";
		};
		13E7D0FA1B8CE7E3000F67D6 /* Floor9 */ = {
			isa = PBXGroup;
			children = (
			);
			path = Floor9;
			sourceTree = "<group>";
		};
		13E7D0FB1B8CE7E3000F67D6 /* Tower9 */ = {
			isa = PBXGroup;
			children = (
				13E7D0FC1B8CE7E3000F67D6 /* Floor0 */,
				13E7D0FD1B8CE7E3000F67D6 /* Floor1 */,
				13E7D0FE1B8CE7E3000F67D6 /* Floor2 */,
				13E7D0FF1B8CE7E3000F67D6 /* Floor3 */,
				13E7D1001B8CE7E3000F67D6 /* Floor4 */,
				13E7D1011B8CE7E3000F67D6 /* Floor5 */,
				13E7D1021B8CE7E3000F67D6 /* Floor6 */,
				13E7D1031B8CE7E3000F67D6 /* Floor7 */,
				13E7D1041B8CE7E3000F67D6 /* Floor8 */,
				13E7D1051B8CE7E3000F67D6 /* Floor9 */,
			);
			path = Tower9;
			sourceTree = "<group>";
		};
		13E7D0FC1B8CE7E3000F67D6 /* Floor0 */ = {
			isa = PBXGroup;
			children = (
			);
			path = Floor0;
			sourceTree = "<group>";
		};
		13E7D0FD1B8CE7E3000F67D6 /* Floor1 */ = {
			isa = PBXGroup;
			children = (
			);
			path = Floor1;
			sourceTree = "<group>";
		};
		13E7D0FE1B8CE7E3000F67D6 /* Floor2 */ = {
			isa = PBXGroup;
			children = (
			);
			path = Floor2;
			sourceTree = "<group>";
		};
		13E7D0FF1B8CE7E3000F67D6 /* Floor3 */ = {
			isa = PBXGroup;
			children = (
			);
			path = Floor3;
			sourceTree = "<group>";
		};
		13E7D1001B8CE7E3000F67D6 /* Floor4 */ = {
			isa = PBXGroup;
			children = (
			);
			path = Floor4;
			sourceTree = "<group>";
		};
		13E7D1011B8CE7E3000F67D6 /* Floor5 */ = {
			isa = PBXGroup;
			children = (
			);
			path = Floor5;
			sourceTree = "<group>";
		};
		13E7D1021B8CE7E3000F67D6 /* Floor6 */ = {
			isa = PBXGroup;
			children = (
			);
			path = Floor6;
			sourceTree = "<group>";
		};
		13E7D1031B8CE7E3000F67D6 /* Floor7 */ = {
			isa = PBXGroup;
			children = (
			);
			path = Floor7;
			sourceTree = "<group>";
		};
		13E7D1041B8CE7E3000F67D6 /* Floor8 */ = {
			isa = PBXGroup;
			children = (
			);
			path = Floor8;
			sourceTree = "<group>";
		};
		13E7D1051B8CE7E3000F67D6 /* Floor9 */ = {
			isa = PBXGroup;
			children = (
			);
			path = Floor9;
			sourceTree = "<group>";
		};
		81BA813C1A49DA1800E65899 = {
			isa = PBXGroup;
			children = (
				81BA816A1A49DB5600E65899 /* Frameworks */,
				81BA81461A49DA1800E65899 /* Products */,
				81BA81471A49DA1800E65899 /* TowerUp */,
			);
			sourceTree = "<group>";
		};
		81BA81461A49DA1800E65899 /* Products */ = {
			isa = PBXGroup;
			children = (
				81BA81451A49DA1800E65899 /* TowerUp.app */,
			);
			name = Products;
			sourceTree = "<group>";
		};
		81BA81471A49DA1800E65899 /* TowerUp */ = {
			isa = PBXGroup;
			children = (
				81BA81511A49DA1800E65899 /* Images.xcassets */,
				13CCB6FB1B72AD310060334C /* LaunchScreen.xib */,
				81BA814E1A49DA1800E65899 /* Main.storyboard */,
				13E7D0971B8CE7E3000F67D6 /* _Maps */,
				1326AE8B1B86278C00D4563B /* Boxes */,
				139A0E8D1B74319000EDE944 /* CoreData */,
				1359DD021B728114006C12FA /* Scenes */,
				13169CD81B810A8800516CF6 /* SocketIOClient */,
				1359DCFD1B727FFE006C12FA /* src */,
				81BA81481A49DA1800E65899 /* Supporting Files */,
			);
			path = TowerUp;
			sourceTree = "<group>";
		};
		81BA81481A49DA1800E65899 /* Supporting Files */ = {
			isa = PBXGroup;
			children = (
				81BA81491A49DA1800E65899 /* Info.plist */,
				81BA81821A49E27F00E65899 /* TowerUp-Bridging-Header.h */,
			);
			name = "Supporting Files";
			sourceTree = "<group>";
		};
		81BA816A1A49DB5600E65899 /* Frameworks */ = {
			isa = PBXGroup;
			children = (
				81BA816B1A49DB6800E65899 /* Bolts.framework */,
				81BA816C1A49DB6800E65899 /* Parse.framework */,
				81BA816D1A49DB6800E65899 /* ParseCrashReporting.framework */,
				81BA816E1A49DB6800E65899 /* ParseFacebookUtils.framework */,
				81BA81801A49E10C00E65899 /* ParseUI.framework */,
				81BA81751A49E0C500E65899 /* System Frameworks */,
			);
			name = Frameworks;
			sourceTree = "<group>";
		};
		81BA81751A49E0C500E65899 /* System Frameworks */ = {
			isa = PBXGroup;
			children = (
				81BA817E1A49E0F000E65899 /* libstdc++.6.dylib */,
				81BA817A1A49E0E500E65899 /* SystemConfiguration.framework */,
				81BA81781A49E0DB00E65899 /* AudioToolbox.framework */,
				81BA81761A49E0D500E65899 /* libsqlite3.dylib */,
			);
			name = "System Frameworks";
			sourceTree = "<group>";
		};
/* End PBXGroup section */

/* Begin PBXNativeTarget section */
		81BA81441A49DA1800E65899 /* TowerUp */ = {
			isa = PBXNativeTarget;
			buildConfigurationList = 81BA81641A49DA1800E65899 /* Build configuration list for PBXNativeTarget "TowerUp" */;
			buildPhases = (
				81BA81411A49DA1800E65899 /* Sources */,
				81BA81421A49DA1800E65899 /* Frameworks */,
				81BA81431A49DA1800E65899 /* Resources */,
				81CC85E11A49F6D40076DE19 /* Upload Symbol Files */,
			);
			buildRules = (
			);
			dependencies = (
			);
			name = TowerUp;
			productName = TowerUp;
			productReference = 81BA81451A49DA1800E65899 /* TowerUp.app */;
			productType = "com.apple.product-type.application";
		};
/* End PBXNativeTarget section */

/* Begin PBXProject section */
		81BA813D1A49DA1800E65899 /* Project object */ = {
			isa = PBXProject;
			attributes = {
				LastUpgradeCheck = 0610;
				ORGANIZATIONNAME = WTFGames;
				TargetAttributes = {
					81BA81441A49DA1800E65899 = {
						CreatedOnToolsVersion = 6.1.1;
					};
				};
			};
			buildConfigurationList = 81BA81401A49DA1800E65899 /* Build configuration list for PBXProject "TowerUp" */;
			compatibilityVersion = "Xcode 3.2";
			developmentRegion = English;
			hasScannedForEncodings = 0;
			knownRegions = (
				en,
				Base,
			);
			mainGroup = 81BA813C1A49DA1800E65899;
			productRefGroup = 81BA81461A49DA1800E65899 /* Products */;
			projectDirPath = "";
			projectRoot = "";
			targets = (
				81BA81441A49DA1800E65899 /* TowerUp */,
			);
		};
/* End PBXProject section */

/* Begin PBXResourcesBuildPhase section */
		81BA81431A49DA1800E65899 /* Resources */ = {
			isa = PBXResourcesBuildPhase;
			buildActionMask = 2147483647;
			files = (
				13B6E6031B8F30EF00624263 /* -1 0 0 0 in Resources */,
				81BA81501A49DA1800E65899 /* Main.storyboard in Resources */,
				13B6E60C1B8F4F6000624263 /* 0 3 0 0 in Resources */,
				138F29031B8F8E28000DC7E7 /* -1 1 0 0 in Resources */,
				13B6E60E1B8F50F000624263 /* 0 4 0 0 in Resources */,
				13B6E60A1B8F48E200624263 /* 0 2 0 0 in Resources */,
				13CCB6FC1B72AD310060334C /* LaunchScreen.xib in Resources */,
				13B6E6101B8F53C500624263 /* 0 5 0 0 in Resources */,
				81BA81521A49DA1800E65899 /* Images.xcassets in Resources */,
				13E7D10B1B8CE9D2000F67D6 /* 0 1 0 0 in Resources */,
				13E7D1091B8CE98D000F67D6 /* 0 0 0 0 in Resources */,
				13B6E6121B8F547E00624263 /* 0 6 0 0 in Resources */,
			);
			runOnlyForDeploymentPostprocessing = 0;
		};
/* End PBXResourcesBuildPhase section */

/* Begin PBXShellScriptBuildPhase section */
		81CC85E11A49F6D40076DE19 /* Upload Symbol Files */ = {
			isa = PBXShellScriptBuildPhase;
			buildActionMask = 2147483647;
			files = (
			);
			inputPaths = (
			);
			name = "Upload Symbol Files";
			outputPaths = (
			);
			runOnlyForDeploymentPostprocessing = 0;
			shellPath = /bin/sh;
			shellScript = "# This script will upload symbol files for your application,\n# so all your crash reports are going to be symbolicated\n\n# Important!\n# Before using the script, please initialize CloudCode folder and replace <path_to_cloudcode_folder> with the path to it\n#\n# Read more on Parse.com - https://parse.com/apps/quickstart#analytics/crashreporting/ios/\n############################################################\n\n\n# export PATH=/usr/local/bin:$PATH\n# cd <path_to_cloudcode_folder>\n\n# parse symbols -p \"${DWARF_DSYM_FOLDER_PATH}/${DWARF_DSYM_FILE_NAME}\"\n";
		};
/* End PBXShellScriptBuildPhase section */

/* Begin PBXSourcesBuildPhase section */
		81BA81411A49DA1800E65899 /* Sources */ = {
			isa = PBXSourcesBuildPhase;
			buildActionMask = 2147483647;
			files = (
				81BA814D1A49DA1800E65899 /* ViewController.swift in Sources */,
				13169CF21B810A9100516CF6 /* WebSocket.swift in Sources */,
				1323B1521B83554A00174777 /* WinTile.swift in Sources */,
				13CCB7001B72B9A70060334C /* OptionsScene.swift in Sources */,
				13169CE81B810A9100516CF6 /* SocketEngine.swift in Sources */,
				132D229F1B9875230094CF53 /* TowerData.swift in Sources */,
				13EBD7C01B7A6614005F1CA4 /* Camera.swift in Sources */,
				132D229D1B9875230094CF53 /* PlayerData.swift in Sources */,
				1326AE8D1B86283F00D4563B /* AfterMissionBox.swift in Sources */,
				81BA814B1A49DA1800E65899 /* AppDelegate.swift in Sources */,
				13169CED1B810A9100516CF6 /* SocketLogger.swift in Sources */,
				5C48055E1B84CFF60066E151 /* DoorTile.swift in Sources */,
				1326AE8A1B85FD8800D4563B /* Event.swift in Sources */,
				13169CF01B810A9100516CF6 /* SocketTypes.swift in Sources */,
				13169CF11B810A9100516CF6 /* SwiftRegex.swift in Sources */,
				13FC80081B86404500865C72 /* MultiplayerGameScene.swift in Sources */,
				139A0E8A1B73D05900EDE944 /* MissionScene.swift in Sources */,
				1359DD081B728611006C12FA /* GameColors.swift in Sources */,
				1359DD161B728C95006C12FA /* Switch.swift in Sources */,
				13169CEF1B810A9100516CF6 /* SocketParser.swift in Sources */,
				1359DD041B728168006C12FA /* Config.swift in Sources */,
				13169CEA1B810A9100516CF6 /* SocketEventHandler.swift in Sources */,
				1359DD061B728574006C12FA /* GameMath.swift in Sources */,
				13169CE91B810A9100516CF6 /* SocketEngineClient.swift in Sources */,
				13169CE61B810A9100516CF6 /* SocketAckManager.swift in Sources */,
				13B32C061B74EE93001A1486 /* LobbyScene.swift in Sources */,
				132D229B1B9871D10094CF53 /* Tower.swift in Sources */,
				139A0E881B73D00200EDE944 /* BeforeMissionScene.swift in Sources */,
				13169CEB1B810A9100516CF6 /* SocketFixUTF8.swift in Sources */,
				1326AE881B85FCA300D4563B /* Box.swift in Sources */,
				1359DD101B7287A7006C12FA /* Button.swift in Sources */,
				13FC800A1B8640B800865C72 /* PlayerOnline.swift in Sources */,
				132FB8681B828FF80012A7D3 /* Parallax.swift in Sources */,
				1383FD621B7A4B420012DA45 /* Tile.swift in Sources */,
				1323FF5F1B90C7AF00EF4C2E /* PowerUp.swift in Sources */,
				1359DD0E1B72874C006C12FA /* Control.swift in Sources */,
				13428EC01B7CB4A90017D23A /* Player.swift in Sources */,
				1359DD011B72805F006C12FA /* GameScene.swift in Sources */,
				13EBD7BE1B7A65E5005F1CA4 /* World.swift in Sources */,
				133184A01B83679200DF11D5 /* Coin.swift in Sources */,
				13169CE71B810A9100516CF6 /* SocketAnyEvent.swift in Sources */,
				1383FD601B7A4A920012DA45 /* Chunk.swift in Sources */,
				5CF8A3AA1B8F39A000C16CA9 /* SkinData.swift in Sources */,
				1359DD0C1B7286D3006C12FA /* MainMenuScene.swift in Sources */,
				13DE13051B94C38E0092D50B /* ScrollNode.swift in Sources */,
				13428EBE1B7CB0BC0017D23A /* Square.swift in Sources */,
				139A0E8F1B7431CB00EDE944 /* MemoryCard.swift in Sources */,
				1323FF5D1B90817F00EF4C2E /* MultiplayerWinBox.swift in Sources */,
				1383FD641B7A50990012DA45 /* Ground.swift in Sources */,
				13CCB7021B72B9D90060334C /* CreditsScene.swift in Sources */,
				3A979BF31B987B3300A8E09F /* Textfield.swift in Sources */,
				13CCB6FE1B72B9010060334C /* TowersScene.swift in Sources */,
				13169CEE1B810A9100516CF6 /* SocketPacket.swift in Sources */,
				133184A21B83AADB00DF11D5 /* Spike.swift in Sources */,
				1323FF611B90C83300EF4C2E /* Skin.swift in Sources */,
				1383FD5E1B7A49730012DA45 /* MapManager.swift in Sources */,
				1359DD181B728D3E006C12FA /* Label.swift in Sources */,
				5CF8A3A81B8F39A000C16CA9 /* FloorData.swift in Sources */,
				5CF8A3A61B8F39A000C16CA9 /* PowerUpData.swift in Sources */,
				13169CEC1B810A9100516CF6 /* SocketIOClient.swift in Sources */,
				1359DC9A1B727726006C12FA /* TowerUp.xcdatamodeld in Sources */,
				13CCB7041B7373D00060334C /* FloorsScene.swift in Sources */,
			);
			runOnlyForDeploymentPostprocessing = 0;
		};
/* End PBXSourcesBuildPhase section */

/* Begin PBXVariantGroup section */
		81BA814E1A49DA1800E65899 /* Main.storyboard */ = {
			isa = PBXVariantGroup;
			children = (
				81BA814F1A49DA1800E65899 /* Base */,
			);
			name = Main.storyboard;
			sourceTree = "<group>";
		};
/* End PBXVariantGroup section */

/* Begin XCBuildConfiguration section */
		81BA81621A49DA1800E65899 /* Debug */ = {
			isa = XCBuildConfiguration;
			buildSettings = {
				ALWAYS_SEARCH_USER_PATHS = NO;
				CLANG_CXX_LANGUAGE_STANDARD = "gnu++0x";
				CLANG_CXX_LIBRARY = "libc++";
				CLANG_ENABLE_MODULES = YES;
				CLANG_ENABLE_OBJC_ARC = YES;
				CLANG_WARN_BOOL_CONVERSION = YES;
				CLANG_WARN_CONSTANT_CONVERSION = YES;
				CLANG_WARN_DIRECT_OBJC_ISA_USAGE = YES_ERROR;
				CLANG_WARN_EMPTY_BODY = YES;
				CLANG_WARN_ENUM_CONVERSION = YES;
				CLANG_WARN_INT_CONVERSION = YES;
				CLANG_WARN_OBJC_ROOT_CLASS = YES_ERROR;
				CLANG_WARN_UNREACHABLE_CODE = YES;
				CLANG_WARN__DUPLICATE_METHOD_MATCH = YES;
				"CODE_SIGN_IDENTITY[sdk=iphoneos*]" = "iPhone Developer";
				COPY_PHASE_STRIP = NO;
				ENABLE_STRICT_OBJC_MSGSEND = YES;
				GCC_C_LANGUAGE_STANDARD = gnu99;
				GCC_DYNAMIC_NO_PIC = NO;
				GCC_OPTIMIZATION_LEVEL = 0;
				GCC_PREPROCESSOR_DEFINITIONS = (
					"DEBUG=1",
					"$(inherited)",
				);
				GCC_SYMBOLS_PRIVATE_EXTERN = NO;
				GCC_WARN_64_TO_32_BIT_CONVERSION = YES;
				GCC_WARN_ABOUT_RETURN_TYPE = YES_ERROR;
				GCC_WARN_UNDECLARED_SELECTOR = YES;
				GCC_WARN_UNINITIALIZED_AUTOS = YES_AGGRESSIVE;
				GCC_WARN_UNUSED_FUNCTION = YES;
				GCC_WARN_UNUSED_VARIABLE = YES;
				IPHONEOS_DEPLOYMENT_TARGET = 7.0;
				MTL_ENABLE_DEBUG_INFO = YES;
				ONLY_ACTIVE_ARCH = YES;
				SDKROOT = iphoneos;
				SWIFT_OPTIMIZATION_LEVEL = "-Onone";
				TARGETED_DEVICE_FAMILY = "1,2";
			};
			name = Debug;
		};
		81BA81631A49DA1800E65899 /* Release */ = {
			isa = XCBuildConfiguration;
			buildSettings = {
				ALWAYS_SEARCH_USER_PATHS = NO;
				CLANG_CXX_LANGUAGE_STANDARD = "gnu++0x";
				CLANG_CXX_LIBRARY = "libc++";
				CLANG_ENABLE_MODULES = YES;
				CLANG_ENABLE_OBJC_ARC = YES;
				CLANG_WARN_BOOL_CONVERSION = YES;
				CLANG_WARN_CONSTANT_CONVERSION = YES;
				CLANG_WARN_DIRECT_OBJC_ISA_USAGE = YES_ERROR;
				CLANG_WARN_EMPTY_BODY = YES;
				CLANG_WARN_ENUM_CONVERSION = YES;
				CLANG_WARN_INT_CONVERSION = YES;
				CLANG_WARN_OBJC_ROOT_CLASS = YES_ERROR;
				CLANG_WARN_UNREACHABLE_CODE = YES;
				CLANG_WARN__DUPLICATE_METHOD_MATCH = YES;
				"CODE_SIGN_IDENTITY[sdk=iphoneos*]" = "iPhone Developer";
				COPY_PHASE_STRIP = YES;
				ENABLE_NS_ASSERTIONS = NO;
				ENABLE_STRICT_OBJC_MSGSEND = YES;
				GCC_C_LANGUAGE_STANDARD = gnu99;
				GCC_WARN_64_TO_32_BIT_CONVERSION = YES;
				GCC_WARN_ABOUT_RETURN_TYPE = YES_ERROR;
				GCC_WARN_UNDECLARED_SELECTOR = YES;
				GCC_WARN_UNINITIALIZED_AUTOS = YES_AGGRESSIVE;
				GCC_WARN_UNUSED_FUNCTION = YES;
				GCC_WARN_UNUSED_VARIABLE = YES;
				IPHONEOS_DEPLOYMENT_TARGET = 7.0;
				MTL_ENABLE_DEBUG_INFO = NO;
				SDKROOT = iphoneos;
				TARGETED_DEVICE_FAMILY = "1,2";
				VALIDATE_PRODUCT = YES;
			};
			name = Release;
		};
		81BA81651A49DA1800E65899 /* Debug */ = {
			isa = XCBuildConfiguration;
			buildSettings = {
				ASSETCATALOG_COMPILER_APPICON_NAME = AppIcon;
				ASSETCATALOG_COMPILER_LAUNCHIMAGE_NAME = LaunchImage;
				CODE_SIGN_IDENTITY = "iPhone Developer";
				FRAMEWORK_SEARCH_PATHS = (
					"$(inherited)",
					"$(PROJECT_DIR)",
				);
				INFOPLIST_FILE = TowerUp/Info.plist;
				IPHONEOS_DEPLOYMENT_TARGET = 8.0;
				LD_RUNPATH_SEARCH_PATHS = "$(inherited) @executable_path/Frameworks";
				"OTHER_SWIFT_FLAGS[arch=*]" = "-D DEBUG";
				PRODUCT_NAME = "$(TARGET_NAME)";
				SWIFT_OBJC_BRIDGING_HEADER = "TowerUp/TowerUp-Bridging-Header.h";
			};
			name = Debug;
		};
		81BA81661A49DA1800E65899 /* Release */ = {
			isa = XCBuildConfiguration;
			buildSettings = {
				ASSETCATALOG_COMPILER_APPICON_NAME = AppIcon;
				ASSETCATALOG_COMPILER_LAUNCHIMAGE_NAME = LaunchImage;
				CODE_SIGN_IDENTITY = "iPhone Developer";
				FRAMEWORK_SEARCH_PATHS = (
					"$(inherited)",
					"$(PROJECT_DIR)",
				);
				INFOPLIST_FILE = TowerUp/Info.plist;
				IPHONEOS_DEPLOYMENT_TARGET = 8.0;
				LD_RUNPATH_SEARCH_PATHS = "$(inherited) @executable_path/Frameworks";
				"OTHER_SWIFT_FLAGS[arch=*]" = "-D RELEASE";
				PRODUCT_NAME = "$(TARGET_NAME)";
				SWIFT_OBJC_BRIDGING_HEADER = "TowerUp/TowerUp-Bridging-Header.h";
			};
			name = Release;
		};
/* End XCBuildConfiguration section */

/* Begin XCConfigurationList section */
		81BA81401A49DA1800E65899 /* Build configuration list for PBXProject "TowerUp" */ = {
			isa = XCConfigurationList;
			buildConfigurations = (
				81BA81621A49DA1800E65899 /* Debug */,
				81BA81631A49DA1800E65899 /* Release */,
			);
			defaultConfigurationIsVisible = 0;
			defaultConfigurationName = Release;
		};
		81BA81641A49DA1800E65899 /* Build configuration list for PBXNativeTarget "TowerUp" */ = {
			isa = XCConfigurationList;
			buildConfigurations = (
				81BA81651A49DA1800E65899 /* Debug */,
				81BA81661A49DA1800E65899 /* Release */,
			);
			defaultConfigurationIsVisible = 0;
			defaultConfigurationName = Release;
		};
/* End XCConfigurationList section */

/* Begin XCVersionGroup section */
		1359DC981B727726006C12FA /* TowerUp.xcdatamodeld */ = {
			isa = XCVersionGroup;
			children = (
				1359DC991B727726006C12FA /* TowerUp.xcdatamodel */,
			);
			currentVersion = 1359DC991B727726006C12FA /* TowerUp.xcdatamodel */;
			path = TowerUp.xcdatamodeld;
			sourceTree = "<group>";
			versionGroupType = wrapper.xcdatamodel;
		};
/* End XCVersionGroup section */
	};
	rootObject = 81BA813D1A49DA1800E65899 /* Project object */;
}
